{
  "name": "@blackcube/aurelia2-plugins",
  "version": "1.0.0",
  "lockfileVersion": 3,
  "requires": true,
  "packages": {
    "": {
      "name": "@blackcube/aurelia2-plugins",
      "version": "1.0.0",
      "license": "BSD-3-Clause",
      "workspaces": [
        "packages/*"
      ],
      "devDependencies": {
        "@aurelia/fetch-client": "^2.0.0-beta.15",
        "@aurelia/validation": "^2.0.0-beta.15",
        "@rollup/plugin-typescript": "^11.1.6",
        "aurelia": "^2.0.0-beta.15",
        "rimraf": "^5.0.7",
        "rollup": "^4.18.0",
        "tslib": "^2.6.3"
      }
    },
    "node_modules/@aurelia/expression-parser": {
      "version": "2.0.0-beta.19",
      "resolved": "https://registry.npmjs.org/@aurelia/expression-parser/-/expression-parser-2.0.0-beta.19.tgz",
      "integrity": "sha512-SJWafb9YZ4ho2uwHDKR9mRYPz7BOjawOOuRqpnZ0z1MEddTuOc2mJd/uz23l6t4GpKPkAlZ1lY/qD5LD1uRCRA==",
      "dependencies": {
        "@aurelia/kernel": "2.0.0-beta.19"
      },
      "engines": {
        "node": ">=14.17.0"
      }
    },
    "node_modules/@aurelia/fetch-client": {
      "version": "2.0.0-beta.19",
      "resolved": "https://registry.npmjs.org/@aurelia/fetch-client/-/fetch-client-2.0.0-beta.19.tgz",
      "integrity": "sha512-VysHEraoenAKYHTKyFJ1+CAOaqsBvUcS9vu053EVgfZg8DVK/uGjRZj8+SaPdzawHyy/KXV/fEbTPoIoc5/9bA==",
      "dependencies": {
        "@aurelia/kernel": "2.0.0-beta.19",
        "@aurelia/metadata": "2.0.0-beta.19"
      },
      "engines": {
        "node": ">=14.17.0"
      }
    },
    "node_modules/@aurelia/kernel": {
      "version": "2.0.0-beta.19",
      "resolved": "https://registry.npmjs.org/@aurelia/kernel/-/kernel-2.0.0-beta.19.tgz",
      "integrity": "sha512-2jWIncFvHjdV3nrRl/mubbhYwOMB2jAh4FuyhprWFyEJ4YLLLdaNIMfS9Zo0CHwL/aPu6qxxoIQ/GAE04kk2zQ==",
      "dependencies": {
        "@aurelia/metadata": "2.0.0-beta.19",
        "@aurelia/platform": "2.0.0-beta.19"
      },
      "engines": {
        "node": ">=14.17.0"
      }
    },
    "node_modules/@aurelia/metadata": {
      "version": "2.0.0-beta.19",
      "resolved": "https://registry.npmjs.org/@aurelia/metadata/-/metadata-2.0.0-beta.19.tgz",
      "integrity": "sha512-+xHzWcQlgVpNNIa9BN0/0AcICVgo9ETlXXfBjtBZAwArgtC8HPHMkYMlPP12dl+LouZCKXPwYAlNpbLoH+Zo1w==",
      "engines": {
        "node": ">=14.17.0"
      }
    },
    "node_modules/@aurelia/platform": {
      "version": "2.0.0-beta.19",
      "resolved": "https://registry.npmjs.org/@aurelia/platform/-/platform-2.0.0-beta.19.tgz",
      "integrity": "sha512-p7RiCRHoGG9E3jvCjTBZLCovZUQxtH3yQHGl56lU/ooreOc0R5uKmLtUJieaGqJy/uDs/GXDLfG7ICx/redFQA==",
      "engines": {
        "node": ">=14.17.0"
      }
    },
    "node_modules/@aurelia/platform-browser": {
      "version": "2.0.0-beta.19",
      "resolved": "https://registry.npmjs.org/@aurelia/platform-browser/-/platform-browser-2.0.0-beta.19.tgz",
      "integrity": "sha512-XzAlR4u9cD83uyqYlCUcjs1kGeGqZmBMCJG1lhdBmbR36KUIFmnMMbXlXTIpIOz1PEvvpWYn6+QIumq0XoSvsw==",
      "dependencies": {
        "@aurelia/platform": "2.0.0-beta.19"
      },
      "engines": {
        "node": ">=14.17.0"
      }
    },
    "node_modules/@aurelia/runtime": {
      "version": "2.0.0-beta.19",
      "resolved": "https://registry.npmjs.org/@aurelia/runtime/-/runtime-2.0.0-beta.19.tgz",
      "integrity": "sha512-FW75Hn7/Nb8ulub328mDzhSTC98icWXvaNbTrggyudOrrzDGgd6XWBpuT8bSSByceHm5Q1D4mKaKfSMZaAGlBQ==",
      "dependencies": {
        "@aurelia/expression-parser": "2.0.0-beta.19",
        "@aurelia/kernel": "2.0.0-beta.19",
        "@aurelia/metadata": "2.0.0-beta.19",
        "@aurelia/platform": "2.0.0-beta.19"
      },
      "engines": {
        "node": ">=14.17.0"
      }
    },
    "node_modules/@aurelia/runtime-html": {
      "version": "2.0.0-beta.19",
      "resolved": "https://registry.npmjs.org/@aurelia/runtime-html/-/runtime-html-2.0.0-beta.19.tgz",
      "integrity": "sha512-0JK7bceUGgJsK5PMRsfVS92rBJSnaLLYSroG/5XppIGjASGAxClokIXOKWLMyiv12A6YCBKzMZUHF0OXCFu6JA==",
      "dependencies": {
        "@aurelia/expression-parser": "2.0.0-beta.19",
        "@aurelia/kernel": "2.0.0-beta.19",
        "@aurelia/metadata": "2.0.0-beta.19",
        "@aurelia/platform": "2.0.0-beta.19",
        "@aurelia/platform-browser": "2.0.0-beta.19",
        "@aurelia/runtime": "2.0.0-beta.19",
        "@aurelia/template-compiler": "2.0.0-beta.19"
      },
      "engines": {
        "node": ">=14.17.0"
      }
    },
    "node_modules/@aurelia/template-compiler": {
      "version": "2.0.0-beta.19",
      "resolved": "https://registry.npmjs.org/@aurelia/template-compiler/-/template-compiler-2.0.0-beta.19.tgz",
      "integrity": "sha512-xY4OE3jdLV4pefj5uUd/q34OjPaKXIV3tf3v7AaM7vOftA9Qo2WFqN4MD7m/pOZbpEQIpSTqj5HypvcGcz9Q6Q==",
      "dependencies": {
        "@aurelia/expression-parser": "2.0.0-beta.19",
        "@aurelia/kernel": "2.0.0-beta.19",
        "@aurelia/metadata": "2.0.0-beta.19"
      },
      "engines": {
        "node": ">=14.17.0"
      }
    },
    "node_modules/@aurelia/validation": {
      "version": "2.0.0-beta.19",
      "resolved": "https://registry.npmjs.org/@aurelia/validation/-/validation-2.0.0-beta.19.tgz",
      "integrity": "sha512-cNAkoqFlFhGkMS/cd9panMU9rPVDOoIaPxnd89y4UNI7++PEVqVKXHTl2RRkUXw6dOO7EtaJ/nL0K417p8sxQg==",
      "dependencies": {
        "@aurelia/expression-parser": "2.0.0-beta.19",
        "@aurelia/kernel": "2.0.0-beta.19",
        "@aurelia/metadata": "2.0.0-beta.19",
        "@aurelia/platform": "2.0.0-beta.19",
        "@aurelia/runtime": "2.0.0-beta.19",
        "@aurelia/runtime-html": "2.0.0-beta.19"
      },
      "engines": {
        "node": ">=14.17.0"
      }
    },
    "node_modules/@blackcube/aurelia2-aria": {
      "resolved": "packages/aria",
      "link": true
    },
    "node_modules/@blackcube/aurelia2-powshield": {
      "resolved": "packages/powshield",
      "link": true
    },
    "node_modules/@blackcube/aurelia2-recaptcha": {
      "resolved": "packages/recaptcha",
      "link": true
    },
    "node_modules/@isaacs/cliui": {
      "version": "8.0.2",
      "dev": true,
      "license": "ISC",
      "dependencies": {
        "string-width": "^5.1.2",
        "string-width-cjs": "npm:string-width@^4.2.0",
        "strip-ansi": "^7.0.1",
        "strip-ansi-cjs": "npm:strip-ansi@^6.0.1",
        "wrap-ansi": "^8.1.0",
        "wrap-ansi-cjs": "npm:wrap-ansi@^7.0.0"
      },
      "engines": {
        "node": ">=12"
      }
    },
    "node_modules/@pkgjs/parseargs": {
      "version": "0.11.0",
      "dev": true,
      "license": "MIT",
      "optional": true,
      "engines": {
        "node": ">=14"
      }
    },
    "node_modules/@rollup/plugin-typescript": {
      "version": "11.1.6",
      "dev": true,
      "license": "MIT",
      "dependencies": {
        "@rollup/pluginutils": "^5.1.0",
        "resolve": "^1.22.1"
      },
      "engines": {
        "node": ">=14.0.0"
      },
      "peerDependencies": {
        "rollup": "^2.14.0||^3.0.0||^4.0.0",
        "tslib": "*",
        "typescript": ">=3.7.0"
      },
      "peerDependenciesMeta": {
        "rollup": {
          "optional": true
        },
        "tslib": {
          "optional": true
        }
      }
    },
    "node_modules/@rollup/pluginutils": {
      "version": "5.1.0",
      "dev": true,
      "license": "MIT",
      "dependencies": {
        "@types/estree": "^1.0.0",
        "estree-walker": "^2.0.2",
        "picomatch": "^2.3.1"
      },
      "engines": {
        "node": ">=14.0.0"
      },
      "peerDependencies": {
        "rollup": "^1.20.0||^2.0.0||^3.0.0||^4.0.0"
      },
      "peerDependenciesMeta": {
        "rollup": {
          "optional": true
        }
      }
    },
    "node_modules/@rollup/rollup-darwin-arm64": {
      "version": "4.18.0",
      "cpu": [
        "arm64"
      ],
      "dev": true,
      "license": "MIT",
      "optional": true,
      "os": [
        "darwin"
      ]
    },
    "node_modules/@types/estree": {
      "version": "1.0.5",
      "dev": true,
      "license": "MIT"
    },
    "node_modules/ansi-regex": {
      "version": "6.0.1",
      "dev": true,
      "license": "MIT",
      "engines": {
        "node": ">=12"
      },
      "funding": {
        "url": "https://github.com/chalk/ansi-regex?sponsor=1"
      }
    },
    "node_modules/ansi-styles": {
      "version": "6.2.1",
      "dev": true,
      "license": "MIT",
      "engines": {
        "node": ">=12"
      },
      "funding": {
        "url": "https://github.com/chalk/ansi-styles?sponsor=1"
      }
    },
    "node_modules/aurelia": {
      "version": "2.0.0-beta.19",
      "resolved": "https://registry.npmjs.org/aurelia/-/aurelia-2.0.0-beta.19.tgz",
      "integrity": "sha512-MURa0qb3QjeT+CaIJT3e6mJ2N5jJshSnW+4KhMOjVfsKr4zMx4uHkyPs/sKvrqhDDNZAZFEZp2NLfkK23mPz9A==",
      "dependencies": {
        "@aurelia/expression-parser": "2.0.0-beta.19",
        "@aurelia/fetch-client": "2.0.0-beta.19",
        "@aurelia/kernel": "2.0.0-beta.19",
        "@aurelia/metadata": "2.0.0-beta.19",
        "@aurelia/platform": "2.0.0-beta.19",
        "@aurelia/platform-browser": "2.0.0-beta.19",
        "@aurelia/runtime": "2.0.0-beta.19",
        "@aurelia/runtime-html": "2.0.0-beta.19",
        "@aurelia/template-compiler": "2.0.0-beta.19"
      },
      "engines": {
        "node": ">=14.17.0"
      }
    },
    "node_modules/balanced-match": {
      "version": "1.0.2",
      "dev": true,
      "license": "MIT"
    },
    "node_modules/brace-expansion": {
      "version": "2.0.1",
      "dev": true,
      "license": "MIT",
      "dependencies": {
        "balanced-match": "^1.0.0"
      }
    },
    "node_modules/color-convert": {
      "version": "2.0.1",
      "dev": true,
      "license": "MIT",
      "dependencies": {
        "color-name": "~1.1.4"
      },
      "engines": {
        "node": ">=7.0.0"
      }
    },
    "node_modules/color-name": {
      "version": "1.1.4",
      "dev": true,
      "license": "MIT"
    },
    "node_modules/cross-spawn": {
      "version": "7.0.3",
      "dev": true,
      "license": "MIT",
      "dependencies": {
        "path-key": "^3.1.0",
        "shebang-command": "^2.0.0",
        "which": "^2.0.1"
      },
      "engines": {
        "node": ">= 8"
      }
    },
    "node_modules/eastasianwidth": {
      "version": "0.2.0",
      "dev": true,
      "license": "MIT"
    },
    "node_modules/emoji-regex": {
      "version": "9.2.2",
      "dev": true,
      "license": "MIT"
    },
    "node_modules/estree-walker": {
      "version": "2.0.2",
      "dev": true,
      "license": "MIT"
    },
    "node_modules/foreground-child": {
      "version": "3.2.1",
      "dev": true,
      "license": "ISC",
      "dependencies": {
        "cross-spawn": "^7.0.0",
        "signal-exit": "^4.0.1"
      },
      "engines": {
        "node": ">=14"
      },
      "funding": {
        "url": "https://github.com/sponsors/isaacs"
      }
    },
    "node_modules/fsevents": {
      "version": "2.3.3",
      "dev": true,
      "license": "MIT",
      "optional": true,
      "os": [
        "darwin"
      ],
      "engines": {
        "node": "^8.16.0 || ^10.6.0 || >=11.0.0"
      }
    },
    "node_modules/function-bind": {
      "version": "1.1.2",
      "dev": true,
      "license": "MIT",
      "funding": {
        "url": "https://github.com/sponsors/ljharb"
      }
    },
    "node_modules/glob": {
      "version": "10.4.1",
      "dev": true,
      "license": "ISC",
      "dependencies": {
        "foreground-child": "^3.1.0",
        "jackspeak": "^3.1.2",
        "minimatch": "^9.0.4",
        "minipass": "^7.1.2",
        "path-scurry": "^1.11.1"
      },
      "bin": {
        "glob": "dist/esm/bin.mjs"
      },
      "engines": {
        "node": ">=16 || 14 >=14.18"
      },
      "funding": {
        "url": "https://github.com/sponsors/isaacs"
      }
    },
    "node_modules/hasown": {
      "version": "2.0.2",
      "dev": true,
      "license": "MIT",
      "dependencies": {
        "function-bind": "^1.1.2"
      },
      "engines": {
        "node": ">= 0.4"
      }
    },
    "node_modules/is-core-module": {
      "version": "2.13.1",
      "dev": true,
      "license": "MIT",
      "dependencies": {
        "hasown": "^2.0.0"
      },
      "funding": {
        "url": "https://github.com/sponsors/ljharb"
      }
    },
    "node_modules/is-fullwidth-code-point": {
      "version": "3.0.0",
      "dev": true,
      "license": "MIT",
      "engines": {
        "node": ">=8"
      }
    },
    "node_modules/isexe": {
      "version": "2.0.0",
      "dev": true,
      "license": "ISC"
    },
    "node_modules/jackspeak": {
      "version": "3.4.0",
      "dev": true,
      "license": "BlueOak-1.0.0",
      "dependencies": {
        "@isaacs/cliui": "^8.0.2"
      },
      "engines": {
        "node": ">=14"
      },
      "funding": {
        "url": "https://github.com/sponsors/isaacs"
      },
      "optionalDependencies": {
        "@pkgjs/parseargs": "^0.11.0"
      }
    },
    "node_modules/lru-cache": {
      "version": "10.2.2",
      "dev": true,
      "license": "ISC",
      "engines": {
        "node": "14 || >=16.14"
      }
    },
    "node_modules/minimatch": {
      "version": "9.0.4",
      "dev": true,
      "license": "ISC",
      "dependencies": {
        "brace-expansion": "^2.0.1"
      },
      "engines": {
        "node": ">=16 || 14 >=14.17"
      },
      "funding": {
        "url": "https://github.com/sponsors/isaacs"
      }
    },
    "node_modules/minipass": {
      "version": "7.1.2",
      "dev": true,
      "license": "ISC",
      "engines": {
        "node": ">=16 || 14 >=14.17"
      }
    },
    "node_modules/path-key": {
      "version": "3.1.1",
      "dev": true,
      "license": "MIT",
      "engines": {
        "node": ">=8"
      }
    },
    "node_modules/path-parse": {
      "version": "1.0.7",
      "dev": true,
      "license": "MIT"
    },
    "node_modules/path-scurry": {
      "version": "1.11.1",
      "dev": true,
      "license": "BlueOak-1.0.0",
      "dependencies": {
        "lru-cache": "^10.2.0",
        "minipass": "^5.0.0 || ^6.0.2 || ^7.0.0"
      },
      "engines": {
        "node": ">=16 || 14 >=14.18"
      },
      "funding": {
        "url": "https://github.com/sponsors/isaacs"
      }
    },
    "node_modules/picomatch": {
      "version": "2.3.1",
      "dev": true,
      "license": "MIT",
      "engines": {
        "node": ">=8.6"
      },
      "funding": {
        "url": "https://github.com/sponsors/jonschlinkert"
      }
    },
    "node_modules/resolve": {
      "version": "1.22.8",
      "dev": true,
      "license": "MIT",
      "dependencies": {
        "is-core-module": "^2.13.0",
        "path-parse": "^1.0.7",
        "supports-preserve-symlinks-flag": "^1.0.0"
      },
      "bin": {
        "resolve": "bin/resolve"
      },
      "funding": {
        "url": "https://github.com/sponsors/ljharb"
      }
    },
    "node_modules/rimraf": {
      "version": "5.0.7",
      "dev": true,
      "license": "ISC",
      "dependencies": {
        "glob": "^10.3.7"
      },
      "bin": {
        "rimraf": "dist/esm/bin.mjs"
      },
      "engines": {
        "node": ">=14.18"
      },
      "funding": {
        "url": "https://github.com/sponsors/isaacs"
      }
    },
    "node_modules/rollup": {
      "version": "4.18.0",
      "dev": true,
      "license": "MIT",
      "dependencies": {
        "@types/estree": "1.0.5"
      },
      "bin": {
        "rollup": "dist/bin/rollup"
      },
      "engines": {
        "node": ">=18.0.0",
        "npm": ">=8.0.0"
      },
      "optionalDependencies": {
        "@rollup/rollup-android-arm-eabi": "4.18.0",
        "@rollup/rollup-android-arm64": "4.18.0",
        "@rollup/rollup-darwin-arm64": "4.18.0",
        "@rollup/rollup-darwin-x64": "4.18.0",
        "@rollup/rollup-linux-arm-gnueabihf": "4.18.0",
        "@rollup/rollup-linux-arm-musleabihf": "4.18.0",
        "@rollup/rollup-linux-arm64-gnu": "4.18.0",
        "@rollup/rollup-linux-arm64-musl": "4.18.0",
        "@rollup/rollup-linux-powerpc64le-gnu": "4.18.0",
        "@rollup/rollup-linux-riscv64-gnu": "4.18.0",
        "@rollup/rollup-linux-s390x-gnu": "4.18.0",
        "@rollup/rollup-linux-x64-gnu": "4.18.0",
        "@rollup/rollup-linux-x64-musl": "4.18.0",
        "@rollup/rollup-win32-arm64-msvc": "4.18.0",
        "@rollup/rollup-win32-ia32-msvc": "4.18.0",
        "@rollup/rollup-win32-x64-msvc": "4.18.0",
        "fsevents": "~2.3.2"
      }
    },
    "node_modules/shebang-command": {
      "version": "2.0.0",
      "dev": true,
      "license": "MIT",
      "dependencies": {
        "shebang-regex": "^3.0.0"
      },
      "engines": {
        "node": ">=8"
      }
    },
    "node_modules/shebang-regex": {
      "version": "3.0.0",
      "dev": true,
      "license": "MIT",
      "engines": {
        "node": ">=8"
      }
    },
    "node_modules/signal-exit": {
      "version": "4.1.0",
      "dev": true,
      "license": "ISC",
      "engines": {
        "node": ">=14"
      },
      "funding": {
        "url": "https://github.com/sponsors/isaacs"
      }
    },
    "node_modules/string-width": {
      "version": "5.1.2",
      "dev": true,
      "license": "MIT",
      "dependencies": {
        "eastasianwidth": "^0.2.0",
        "emoji-regex": "^9.2.2",
        "strip-ansi": "^7.0.1"
      },
      "engines": {
        "node": ">=12"
      },
      "funding": {
        "url": "https://github.com/sponsors/sindresorhus"
      }
    },
    "node_modules/string-width-cjs": {
      "name": "string-width",
      "version": "4.2.3",
      "dev": true,
      "license": "MIT",
      "dependencies": {
        "emoji-regex": "^8.0.0",
        "is-fullwidth-code-point": "^3.0.0",
        "strip-ansi": "^6.0.1"
      },
      "engines": {
        "node": ">=8"
      }
    },
    "node_modules/string-width-cjs/node_modules/ansi-regex": {
      "version": "5.0.1",
      "dev": true,
      "license": "MIT",
      "engines": {
        "node": ">=8"
      }
    },
    "node_modules/string-width-cjs/node_modules/emoji-regex": {
      "version": "8.0.0",
      "dev": true,
      "license": "MIT"
    },
    "node_modules/string-width-cjs/node_modules/strip-ansi": {
      "version": "6.0.1",
      "dev": true,
      "license": "MIT",
      "dependencies": {
        "ansi-regex": "^5.0.1"
      },
      "engines": {
        "node": ">=8"
      }
    },
    "node_modules/strip-ansi": {
      "version": "7.1.0",
      "dev": true,
      "license": "MIT",
      "dependencies": {
        "ansi-regex": "^6.0.1"
      },
      "engines": {
        "node": ">=12"
      },
      "funding": {
        "url": "https://github.com/chalk/strip-ansi?sponsor=1"
      }
    },
    "node_modules/strip-ansi-cjs": {
      "name": "strip-ansi",
      "version": "6.0.1",
      "dev": true,
      "license": "MIT",
      "dependencies": {
        "ansi-regex": "^5.0.1"
      },
      "engines": {
        "node": ">=8"
      }
    },
    "node_modules/strip-ansi-cjs/node_modules/ansi-regex": {
      "version": "5.0.1",
      "dev": true,
      "license": "MIT",
      "engines": {
        "node": ">=8"
      }
    },
    "node_modules/supports-preserve-symlinks-flag": {
      "version": "1.0.0",
      "dev": true,
      "license": "MIT",
      "engines": {
        "node": ">= 0.4"
      },
      "funding": {
        "url": "https://github.com/sponsors/ljharb"
      }
    },
    "node_modules/tslib": {
      "version": "2.6.3",
      "dev": true,
      "license": "0BSD"
    },
    "node_modules/typescript": {
      "version": "5.4.5",
      "dev": true,
      "license": "Apache-2.0",
      "peer": true,
      "bin": {
        "tsc": "bin/tsc",
        "tsserver": "bin/tsserver"
      },
      "engines": {
        "node": ">=14.17"
      }
    },
    "node_modules/which": {
      "version": "2.0.2",
      "dev": true,
      "license": "ISC",
      "dependencies": {
        "isexe": "^2.0.0"
      },
      "bin": {
        "node-which": "bin/node-which"
      },
      "engines": {
        "node": ">= 8"
      }
    },
    "node_modules/wrap-ansi": {
      "version": "8.1.0",
      "dev": true,
      "license": "MIT",
      "dependencies": {
        "ansi-styles": "^6.1.0",
        "string-width": "^5.0.1",
        "strip-ansi": "^7.0.1"
      },
      "engines": {
        "node": ">=12"
      },
      "funding": {
        "url": "https://github.com/chalk/wrap-ansi?sponsor=1"
      }
    },
    "node_modules/wrap-ansi-cjs": {
      "name": "wrap-ansi",
      "version": "7.0.0",
      "dev": true,
      "license": "MIT",
      "dependencies": {
        "ansi-styles": "^4.0.0",
        "string-width": "^4.1.0",
        "strip-ansi": "^6.0.0"
      },
      "engines": {
        "node": ">=10"
      },
      "funding": {
        "url": "https://github.com/chalk/wrap-ansi?sponsor=1"
      }
    },
    "node_modules/wrap-ansi-cjs/node_modules/ansi-regex": {
      "version": "5.0.1",
      "dev": true,
      "license": "MIT",
      "engines": {
        "node": ">=8"
      }
    },
    "node_modules/wrap-ansi-cjs/node_modules/ansi-styles": {
      "version": "4.3.0",
      "dev": true,
      "license": "MIT",
      "dependencies": {
        "color-convert": "^2.0.1"
      },
      "engines": {
        "node": ">=8"
      },
      "funding": {
        "url": "https://github.com/chalk/ansi-styles?sponsor=1"
      }
    },
    "node_modules/wrap-ansi-cjs/node_modules/emoji-regex": {
      "version": "8.0.0",
      "dev": true,
      "license": "MIT"
    },
    "node_modules/wrap-ansi-cjs/node_modules/string-width": {
      "version": "4.2.3",
      "dev": true,
      "license": "MIT",
      "dependencies": {
        "emoji-regex": "^8.0.0",
        "is-fullwidth-code-point": "^3.0.0",
        "strip-ansi": "^6.0.1"
      },
      "engines": {
        "node": ">=8"
      }
    },
    "node_modules/wrap-ansi-cjs/node_modules/strip-ansi": {
      "version": "6.0.1",
      "dev": true,
      "license": "MIT",
      "dependencies": {
        "ansi-regex": "^5.0.1"
      },
      "engines": {
        "node": ">=8"
      }
    },
    "packages/aria": {
      "version": "1.0.0",
      "license": "BSD-3-Clause",
      "dependencies": {
        "@aurelia/validation": "^2.0.0-beta.10",
        "aurelia": "^2.0.0-beta.10"
      },
      "devDependencies": {
        "@rollup/plugin-typescript": "^11.1.6",
        "rimraf": "^5.0.7",
        "rollup": "^4.18.0",
        "tslib": "^2.6.3"
      }
    },
    "packages/powshield": {
      "name": "@blackcube/aurelia2-powshield",
      "version": "1.0.0",
      "license": "BSD-3-Clause",
      "dependencies": {
        "@aurelia/fetch-client": "^2.0.0-beta.10",
        "aurelia": "^2.0.0-beta.10"
      },
      "devDependencies": {
        "@rollup/plugin-typescript": "^11.1.6",
        "rimraf": "^5.0.7",
        "rollup": "^4.18.0",
        "tslib": "^2.6.3"
      }
    },
    "packages/recaptcha": {
      "name": "@blackcube/aurelia2-recaptcha",
      "version": "1.0.0",
      "license": "BSD-3-Clause",
      "dependencies": {
        "aurelia": "^2.0.0-beta.10"
      },
      "devDependencies": {
        "@rollup/plugin-typescript": "^11.1.6",
        "rimraf": "^5.0.7",
        "rollup": "^4.18.0",
        "tslib": "^2.6.3"
      }
    },
    "packages/rgaa": {
      "name": "@blackcube-aurelia2/rgaa",
      "version": "1.0.0",
      "extraneous": true,
      "license": "BSD-3-Clause",
      "dependencies": {
        "@aurelia/validation": "^2.0.0-beta.10",
        "aurelia": "^2.0.0-beta.10"
      },
      "devDependencies": {
        "@rollup/plugin-typescript": "^11.1.6",
        "rimraf": "^5.0.7",
        "rollup": "^4.18.0",
        "tslib": "^2.6.3"
      }
    }
  }
}
