{
  "name": "@blackcube/aurelia2-plugins",
  "version": "1.0.0",
  "lockfileVersion": 3,
  "requires": true,
  "packages": {
    "": {
      "name": "@blackcube/aurelia2-plugins",
      "version": "1.0.0",
      "license": "BSD-3-Clause",
      "workspaces": [
        "packages/*"
      ],
      "devDependencies": {
        "@aurelia/fetch-client": "^2.0.0-beta.21",
        "@aurelia/router": "^2.0.0-beta.21",
        "@aurelia/validation": "^2.0.0-beta.21",
        "@rollup/plugin-typescript": "^11.1.6",
        "aurelia": "^2.0.0-beta.21",
        "rimraf": "^5.0.7",
        "rollup": "^4.18.0",
        "tslib": "^2.6.3"
      }
    },
    "node_modules/@aurelia/expression-parser": {
      "version": "2.0.0-beta.21",
      "resolved": "https://npm.staging.redcat.io/@aurelia%2fexpression-parser/-/expression-parser-2.0.0-beta.21.tgz",
      "integrity": "sha512-XSjMqRvB+C+qMxMLflQQXhaYJXA+MPTClN9gxGC9Ro8T42wrGWRdBp5VO12L63bs0eJjD+m7GyAgQ7KRoVdd5Q==",
      "license": "MIT",
      "dependencies": {
        "@aurelia/kernel": "2.0.0-beta.21"
      },
      "engines": {
        "node": ">=14.17.0"
      }
    },
    "node_modules/@aurelia/fetch-client": {
      "version": "2.0.0-beta.21",
      "resolved": "https://npm.staging.redcat.io/@aurelia%2ffetch-client/-/fetch-client-2.0.0-beta.21.tgz",
      "integrity": "sha512-hUjAiJ/F59oV1aOKoxcWzw9S8EwBmK2HsFVOJm8N53oAbmP+9gwq72b+wGeaA9o99TjZ1cKxW945yufe7JzqDA==",
      "license": "MIT",
      "dependencies": {
        "@aurelia/kernel": "2.0.0-beta.21",
        "@aurelia/metadata": "2.0.0-beta.21"
      },
      "engines": {
        "node": ">=14.17.0"
      }
    },
    "node_modules/@aurelia/kernel": {
      "version": "2.0.0-beta.21",
      "resolved": "https://npm.staging.redcat.io/@aurelia%2fkernel/-/kernel-2.0.0-beta.21.tgz",
      "integrity": "sha512-A5XHdyK6EMtuiwlqbKm8WlX+UVBpPQrHdr9U+raadSi5HxncmtmjFVCLbVtUpp2j0EpppWSs+JuIdDhPbVzlIA==",
      "license": "MIT",
      "dependencies": {
        "@aurelia/metadata": "2.0.0-beta.21",
        "@aurelia/platform": "2.0.0-beta.21"
      },
      "engines": {
        "node": ">=14.17.0"
      }
    },
    "node_modules/@aurelia/metadata": {
      "version": "2.0.0-beta.21",
      "resolved": "https://npm.staging.redcat.io/@aurelia%2fmetadata/-/metadata-2.0.0-beta.21.tgz",
      "integrity": "sha512-GtZ6NebijItCICbjSM2B3RI96lj5dns9OgmZGprGu/sOhE8qdL/2iWUHv8ksdMEt2KmBiMgo3uIaiYkm79HLvg==",
      "license": "MIT",
      "engines": {
        "node": ">=14.17.0"
      }
    },
    "node_modules/@aurelia/platform": {
      "version": "2.0.0-beta.21",
      "resolved": "https://npm.staging.redcat.io/@aurelia%2fplatform/-/platform-2.0.0-beta.21.tgz",
      "integrity": "sha512-Rr8ZaU0k2fs2vnfAkJJpuSsphrrPsX/9XqoQqgbLZAavRGKL1+06mmyk+nlADewLk0rQpsys1nMxqPiR6zDf3g==",
      "license": "MIT",
      "engines": {
        "node": ">=14.17.0"
      }
    },
    "node_modules/@aurelia/platform-browser": {
      "version": "2.0.0-beta.21",
      "resolved": "https://npm.staging.redcat.io/@aurelia%2fplatform-browser/-/platform-browser-2.0.0-beta.21.tgz",
      "integrity": "sha512-zXcTSxMv776+0ar8jom+MdifrSNBSfEK8m6PBTpj59tHH2lg+2ngZtG/EujtdnwX0dH5/TIzOJnej7zLdG5duw==",
      "license": "MIT",
      "dependencies": {
        "@aurelia/platform": "2.0.0-beta.21"
      },
      "engines": {
        "node": ">=14.17.0"
      }
    },
    "node_modules/@aurelia/route-recognizer": {
      "version": "2.0.0-beta.21",
      "resolved": "https://npm.staging.redcat.io/@aurelia%2froute-recognizer/-/route-recognizer-2.0.0-beta.21.tgz",
      "integrity": "sha512-WePXRqbFV1DAW6tSqaSORq8uWg2VkECWIiCwIP7DWj7/pteCQQDSK9mqj8a7bk1Ah7U0/7US8P7L2hCNURCBIg==",
      "license": "MIT",
      "engines": {
        "node": ">=14.17.0"
      }
    },
    "node_modules/@aurelia/router": {
      "version": "2.0.0-beta.21",
      "resolved": "https://npm.staging.redcat.io/@aurelia%2frouter/-/router-2.0.0-beta.21.tgz",
      "integrity": "sha512-D4i02FIr+HDrGhCItouja1t/kZeBEQ7lNu6SW4paHsU2levfvopgxDm4aMVBfXmTmrbETBIo6ftUEEpM1nqyBg==",
      "license": "MIT",
      "dependencies": {
        "@aurelia/kernel": "2.0.0-beta.21",
        "@aurelia/metadata": "2.0.0-beta.21",
        "@aurelia/platform": "2.0.0-beta.21",
        "@aurelia/platform-browser": "2.0.0-beta.21",
        "@aurelia/route-recognizer": "2.0.0-beta.21",
        "@aurelia/runtime": "2.0.0-beta.21",
        "@aurelia/runtime-html": "2.0.0-beta.21",
        "@aurelia/template-compiler": "2.0.0-beta.21"
      },
      "engines": {
        "node": ">=14.17.0"
      }
    },
    "node_modules/@aurelia/runtime": {
      "version": "2.0.0-beta.21",
      "resolved": "https://npm.staging.redcat.io/@aurelia%2fruntime/-/runtime-2.0.0-beta.21.tgz",
      "integrity": "sha512-3IwwyFT2IuCQiYhcHybtyqwroYkhGJwQOO7gg3ExifYq4tJyIlW/NMxMH13ZRQmz4d4BQgwzIXphfei070/zjQ==",
      "license": "MIT",
      "dependencies": {
        "@aurelia/expression-parser": "2.0.0-beta.21",
        "@aurelia/kernel": "2.0.0-beta.21",
        "@aurelia/metadata": "2.0.0-beta.21",
        "@aurelia/platform": "2.0.0-beta.21"
      },
      "engines": {
        "node": ">=14.17.0"
      }
    },
    "node_modules/@aurelia/runtime-html": {
      "version": "2.0.0-beta.21",
      "resolved": "https://npm.staging.redcat.io/@aurelia%2fruntime-html/-/runtime-html-2.0.0-beta.21.tgz",
      "integrity": "sha512-MrSkSMEGJ9vsDcr87UcCobxNLwQvXOn1QAR4SLo3IYQS3aAy9e5Tv5cPhXi6mPkhK2/P35WPUM/aqKi0EsPF4Q==",
      "license": "MIT",
      "dependencies": {
        "@aurelia/expression-parser": "2.0.0-beta.21",
        "@aurelia/kernel": "2.0.0-beta.21",
        "@aurelia/metadata": "2.0.0-beta.21",
        "@aurelia/platform": "2.0.0-beta.21",
        "@aurelia/platform-browser": "2.0.0-beta.21",
        "@aurelia/runtime": "2.0.0-beta.21",
        "@aurelia/template-compiler": "2.0.0-beta.21"
      },
      "engines": {
        "node": ">=14.17.0"
      }
    },
    "node_modules/@aurelia/template-compiler": {
      "version": "2.0.0-beta.21",
      "resolved": "https://npm.staging.redcat.io/@aurelia%2ftemplate-compiler/-/template-compiler-2.0.0-beta.21.tgz",
      "integrity": "sha512-XSYSb2myvSBmjx6XkvO2RATLH4EHbSyuU9IQdD8KnRLaUKPHHkrPVGYnlRN7HujqVAumVZLue1YtK2w0PyHSXw==",
      "license": "MIT",
      "dependencies": {
        "@aurelia/expression-parser": "2.0.0-beta.21",
        "@aurelia/kernel": "2.0.0-beta.21",
        "@aurelia/metadata": "2.0.0-beta.21"
      },
      "engines": {
        "node": ">=14.17.0"
      }
    },
    "node_modules/@aurelia/validation": {
      "version": "2.0.0-beta.21",
      "resolved": "https://npm.staging.redcat.io/@aurelia%2fvalidation/-/validation-2.0.0-beta.21.tgz",
      "integrity": "sha512-s7jkl3n4vFyoWdnTjdZLRJVuzV0Ae4eOFVNPXeIA+s7+cZB43j15WAu7/SWX9xMe+dU5RQJxPkV/6iKlpkNElw==",
      "license": "MIT",
      "dependencies": {
        "@aurelia/expression-parser": "2.0.0-beta.21",
        "@aurelia/kernel": "2.0.0-beta.21",
        "@aurelia/metadata": "2.0.0-beta.21",
        "@aurelia/platform": "2.0.0-beta.21",
        "@aurelia/runtime": "2.0.0-beta.21",
        "@aurelia/runtime-html": "2.0.0-beta.21"
      },
      "engines": {
        "node": ">=14.17.0"
      }
    },
    "node_modules/@blackcube/aurelia2-aria": {
      "resolved": "packages/aria",
      "link": true
    },
    "node_modules/@blackcube/aurelia2-powshield": {
      "resolved": "packages/powshield",
      "link": true
    },
    "node_modules/@blackcube/aurelia2-recaptcha": {
      "resolved": "packages/recaptcha",
      "link": true
    },
    "node_modules/@blackcube/aurelia2-taskrunner": {
      "resolved": "packages/taskrunner",
      "link": true
    },
    "node_modules/@blackcube/aurelia2-webauthn": {
      "resolved": "packages/webauthn",
      "link": true
    },
    "node_modules/@blackcube/vanilla-powshield": {
      "resolved": "packages/powshieldjs",
      "link": true
    },
    "node_modules/@isaacs/cliui": {
      "version": "8.0.2",
      "dev": true,
      "license": "ISC",
      "dependencies": {
        "string-width": "^5.1.2",
        "string-width-cjs": "npm:string-width@^4.2.0",
        "strip-ansi": "^7.0.1",
        "strip-ansi-cjs": "npm:strip-ansi@^6.0.1",
        "wrap-ansi": "^8.1.0",
        "wrap-ansi-cjs": "npm:wrap-ansi@^7.0.0"
      },
      "engines": {
        "node": ">=12"
      }
    },
    "node_modules/@pkgjs/parseargs": {
      "version": "0.11.0",
      "dev": true,
      "license": "MIT",
      "optional": true,
      "engines": {
        "node": ">=14"
      }
    },
    "node_modules/@rollup/plugin-typescript": {
      "version": "11.1.6",
      "dev": true,
      "license": "MIT",
      "dependencies": {
        "@rollup/pluginutils": "^5.1.0",
        "resolve": "^1.22.1"
      },
      "engines": {
        "node": ">=14.0.0"
      },
      "peerDependencies": {
        "rollup": "^2.14.0||^3.0.0||^4.0.0",
        "tslib": "*",
        "typescript": ">=3.7.0"
      },
      "peerDependenciesMeta": {
        "rollup": {
          "optional": true
        },
        "tslib": {
          "optional": true
        }
      }
    },
    "node_modules/@rollup/pluginutils": {
      "version": "5.1.0",
      "dev": true,
      "license": "MIT",
      "dependencies": {
        "@types/estree": "^1.0.0",
        "estree-walker": "^2.0.2",
        "picomatch": "^2.3.1"
      },
      "engines": {
        "node": ">=14.0.0"
      },
      "peerDependencies": {
        "rollup": "^1.20.0||^2.0.0||^3.0.0||^4.0.0"
      },
      "peerDependenciesMeta": {
        "rollup": {
          "optional": true
        }
      }
    },
    "node_modules/@rollup/rollup-darwin-arm64": {
      "version": "4.18.0",
      "cpu": [
        "arm64"
      ],
      "dev": true,
      "license": "MIT",
      "optional": true,
      "os": [
        "darwin"
      ]
    },
    "node_modules/@types/estree": {
      "version": "1.0.5",
      "dev": true,
      "license": "MIT"
    },
    "node_modules/ansi-regex": {
      "version": "6.0.1",
      "dev": true,
      "license": "MIT",
      "engines": {
        "node": ">=12"
      },
      "funding": {
        "url": "https://github.com/chalk/ansi-regex?sponsor=1"
      }
    },
    "node_modules/ansi-styles": {
      "version": "6.2.1",
      "dev": true,
      "license": "MIT",
      "engines": {
        "node": ">=12"
      },
      "funding": {
        "url": "https://github.com/chalk/ansi-styles?sponsor=1"
      }
    },
    "node_modules/aurelia": {
      "version": "2.0.0-beta.21",
      "resolved": "https://npm.staging.redcat.io/aurelia/-/aurelia-2.0.0-beta.21.tgz",
      "integrity": "sha512-7E+FzLYwggc7mI6PKFBIEY1lTjheJHLr+Ikuv3kXZaHvMJ3dmlRq01P8jR8trVDZ1B/Uio7aG/LGoIQijsfP3w==",
      "license": "MIT",
      "dependencies": {
        "@aurelia/expression-parser": "2.0.0-beta.21",
        "@aurelia/fetch-client": "2.0.0-beta.21",
        "@aurelia/kernel": "2.0.0-beta.21",
        "@aurelia/metadata": "2.0.0-beta.21",
        "@aurelia/platform": "2.0.0-beta.21",
        "@aurelia/platform-browser": "2.0.0-beta.21",
        "@aurelia/runtime": "2.0.0-beta.21",
        "@aurelia/runtime-html": "2.0.0-beta.21",
        "@aurelia/template-compiler": "2.0.0-beta.21"
      },
      "engines": {
        "node": ">=14.17.0"
      }
    },
    "node_modules/balanced-match": {
      "version": "1.0.2",
      "dev": true,
      "license": "MIT"
    },
    "node_modules/brace-expansion": {
      "version": "2.0.1",
      "dev": true,
      "license": "MIT",
      "dependencies": {
        "balanced-match": "^1.0.0"
      }
    },
    "node_modules/color-convert": {
      "version": "2.0.1",
      "dev": true,
      "license": "MIT",
      "dependencies": {
        "color-name": "~1.1.4"
      },
      "engines": {
        "node": ">=7.0.0"
      }
    },
    "node_modules/color-name": {
      "version": "1.1.4",
      "dev": true,
      "license": "MIT"
    },
    "node_modules/cross-spawn": {
      "version": "7.0.3",
      "dev": true,
      "license": "MIT",
      "dependencies": {
        "path-key": "^3.1.0",
        "shebang-command": "^2.0.0",
        "which": "^2.0.1"
      },
      "engines": {
        "node": ">= 8"
      }
    },
    "node_modules/eastasianwidth": {
      "version": "0.2.0",
      "dev": true,
      "license": "MIT"
    },
    "node_modules/emoji-regex": {
      "version": "9.2.2",
      "dev": true,
      "license": "MIT"
    },
    "node_modules/estree-walker": {
      "version": "2.0.2",
      "dev": true,
      "license": "MIT"
    },
    "node_modules/foreground-child": {
      "version": "3.2.1",
      "dev": true,
      "license": "ISC",
      "dependencies": {
        "cross-spawn": "^7.0.0",
        "signal-exit": "^4.0.1"
      },
      "engines": {
        "node": ">=14"
      },
      "funding": {
        "url": "https://github.com/sponsors/isaacs"
      }
    },
    "node_modules/fsevents": {
      "version": "2.3.3",
      "dev": true,
      "license": "MIT",
      "optional": true,
      "os": [
        "darwin"
      ],
      "engines": {
        "node": "^8.16.0 || ^10.6.0 || >=11.0.0"
      }
    },
    "node_modules/function-bind": {
      "version": "1.1.2",
      "dev": true,
      "license": "MIT",
      "funding": {
        "url": "https://github.com/sponsors/ljharb"
      }
    },
    "node_modules/glob": {
      "version": "10.4.1",
      "dev": true,
      "license": "ISC",
      "dependencies": {
        "foreground-child": "^3.1.0",
        "jackspeak": "^3.1.2",
        "minimatch": "^9.0.4",
        "minipass": "^7.1.2",
        "path-scurry": "^1.11.1"
      },
      "bin": {
        "glob": "dist/esm/bin.mjs"
      },
      "engines": {
        "node": ">=16 || 14 >=14.18"
      },
      "funding": {
        "url": "https://github.com/sponsors/isaacs"
      }
    },
    "node_modules/hasown": {
      "version": "2.0.2",
      "dev": true,
      "license": "MIT",
      "dependencies": {
        "function-bind": "^1.1.2"
      },
      "engines": {
        "node": ">= 0.4"
      }
    },
    "node_modules/is-core-module": {
      "version": "2.13.1",
      "dev": true,
      "license": "MIT",
      "dependencies": {
        "hasown": "^2.0.0"
      },
      "funding": {
        "url": "https://github.com/sponsors/ljharb"
      }
    },
    "node_modules/is-fullwidth-code-point": {
      "version": "3.0.0",
      "dev": true,
      "license": "MIT",
      "engines": {
        "node": ">=8"
      }
    },
    "node_modules/isexe": {
      "version": "2.0.0",
      "dev": true,
      "license": "ISC"
    },
    "node_modules/jackspeak": {
      "version": "3.4.0",
      "dev": true,
      "license": "BlueOak-1.0.0",
      "dependencies": {
        "@isaacs/cliui": "^8.0.2"
      },
      "engines": {
        "node": ">=14"
      },
      "funding": {
        "url": "https://github.com/sponsors/isaacs"
      },
      "optionalDependencies": {
        "@pkgjs/parseargs": "^0.11.0"
      }
    },
    "node_modules/lru-cache": {
      "version": "10.2.2",
      "dev": true,
      "license": "ISC",
      "engines": {
        "node": "14 || >=16.14"
      }
    },
    "node_modules/minimatch": {
      "version": "9.0.4",
      "dev": true,
      "license": "ISC",
      "dependencies": {
        "brace-expansion": "^2.0.1"
      },
      "engines": {
        "node": ">=16 || 14 >=14.17"
      },
      "funding": {
        "url": "https://github.com/sponsors/isaacs"
      }
    },
    "node_modules/minipass": {
      "version": "7.1.2",
      "dev": true,
      "license": "ISC",
      "engines": {
        "node": ">=16 || 14 >=14.17"
      }
    },
    "node_modules/path-key": {
      "version": "3.1.1",
      "dev": true,
      "license": "MIT",
      "engines": {
        "node": ">=8"
      }
    },
    "node_modules/path-parse": {
      "version": "1.0.7",
      "dev": true,
      "license": "MIT"
    },
    "node_modules/path-scurry": {
      "version": "1.11.1",
      "dev": true,
      "license": "BlueOak-1.0.0",
      "dependencies": {
        "lru-cache": "^10.2.0",
        "minipass": "^5.0.0 || ^6.0.2 || ^7.0.0"
      },
      "engines": {
        "node": ">=16 || 14 >=14.18"
      },
      "funding": {
        "url": "https://github.com/sponsors/isaacs"
      }
    },
    "node_modules/picomatch": {
      "version": "2.3.1",
      "dev": true,
      "license": "MIT",
      "engines": {
        "node": ">=8.6"
      },
      "funding": {
        "url": "https://github.com/sponsors/jonschlinkert"
      }
    },
    "node_modules/resolve": {
      "version": "1.22.8",
      "dev": true,
      "license": "MIT",
      "dependencies": {
        "is-core-module": "^2.13.0",
        "path-parse": "^1.0.7",
        "supports-preserve-symlinks-flag": "^1.0.0"
      },
      "bin": {
        "resolve": "bin/resolve"
      },
      "funding": {
        "url": "https://github.com/sponsors/ljharb"
      }
    },
    "node_modules/rimraf": {
      "version": "5.0.7",
      "dev": true,
      "license": "ISC",
      "dependencies": {
        "glob": "^10.3.7"
      },
      "bin": {
        "rimraf": "dist/esm/bin.mjs"
      },
      "engines": {
        "node": ">=14.18"
      },
      "funding": {
        "url": "https://github.com/sponsors/isaacs"
      }
    },
    "node_modules/rollup": {
      "version": "4.18.0",
      "dev": true,
      "license": "MIT",
      "dependencies": {
        "@types/estree": "1.0.5"
      },
      "bin": {
        "rollup": "dist/bin/rollup"
      },
      "engines": {
        "node": ">=18.0.0",
        "npm": ">=8.0.0"
      },
      "optionalDependencies": {
        "@rollup/rollup-android-arm-eabi": "4.18.0",
        "@rollup/rollup-android-arm64": "4.18.0",
        "@rollup/rollup-darwin-arm64": "4.18.0",
        "@rollup/rollup-darwin-x64": "4.18.0",
        "@rollup/rollup-linux-arm-gnueabihf": "4.18.0",
        "@rollup/rollup-linux-arm-musleabihf": "4.18.0",
        "@rollup/rollup-linux-arm64-gnu": "4.18.0",
        "@rollup/rollup-linux-arm64-musl": "4.18.0",
        "@rollup/rollup-linux-powerpc64le-gnu": "4.18.0",
        "@rollup/rollup-linux-riscv64-gnu": "4.18.0",
        "@rollup/rollup-linux-s390x-gnu": "4.18.0",
        "@rollup/rollup-linux-x64-gnu": "4.18.0",
        "@rollup/rollup-linux-x64-musl": "4.18.0",
        "@rollup/rollup-win32-arm64-msvc": "4.18.0",
        "@rollup/rollup-win32-ia32-msvc": "4.18.0",
        "@rollup/rollup-win32-x64-msvc": "4.18.0",
        "fsevents": "~2.3.2"
      }
    },
    "node_modules/shebang-command": {
      "version": "2.0.0",
      "dev": true,
      "license": "MIT",
      "dependencies": {
        "shebang-regex": "^3.0.0"
      },
      "engines": {
        "node": ">=8"
      }
    },
    "node_modules/shebang-regex": {
      "version": "3.0.0",
      "dev": true,
      "license": "MIT",
      "engines": {
        "node": ">=8"
      }
    },
    "node_modules/signal-exit": {
      "version": "4.1.0",
      "dev": true,
      "license": "ISC",
      "engines": {
        "node": ">=14"
      },
      "funding": {
        "url": "https://github.com/sponsors/isaacs"
      }
    },
    "node_modules/string-width": {
      "version": "5.1.2",
      "dev": true,
      "license": "MIT",
      "dependencies": {
        "eastasianwidth": "^0.2.0",
        "emoji-regex": "^9.2.2",
        "strip-ansi": "^7.0.1"
      },
      "engines": {
        "node": ">=12"
      },
      "funding": {
        "url": "https://github.com/sponsors/sindresorhus"
      }
    },
    "node_modules/string-width-cjs": {
      "name": "string-width",
      "version": "4.2.3",
      "dev": true,
      "license": "MIT",
      "dependencies": {
        "emoji-regex": "^8.0.0",
        "is-fullwidth-code-point": "^3.0.0",
        "strip-ansi": "^6.0.1"
      },
      "engines": {
        "node": ">=8"
      }
    },
    "node_modules/string-width-cjs/node_modules/ansi-regex": {
      "version": "5.0.1",
      "dev": true,
      "license": "MIT",
      "engines": {
        "node": ">=8"
      }
    },
    "node_modules/string-width-cjs/node_modules/emoji-regex": {
      "version": "8.0.0",
      "dev": true,
      "license": "MIT"
    },
    "node_modules/string-width-cjs/node_modules/strip-ansi": {
      "version": "6.0.1",
      "dev": true,
      "license": "MIT",
      "dependencies": {
        "ansi-regex": "^5.0.1"
      },
      "engines": {
        "node": ">=8"
      }
    },
    "node_modules/strip-ansi": {
      "version": "7.1.0",
      "dev": true,
      "license": "MIT",
      "dependencies": {
        "ansi-regex": "^6.0.1"
      },
      "engines": {
        "node": ">=12"
      },
      "funding": {
        "url": "https://github.com/chalk/strip-ansi?sponsor=1"
      }
    },
    "node_modules/strip-ansi-cjs": {
      "name": "strip-ansi",
      "version": "6.0.1",
      "dev": true,
      "license": "MIT",
      "dependencies": {
        "ansi-regex": "^5.0.1"
      },
      "engines": {
        "node": ">=8"
      }
    },
    "node_modules/strip-ansi-cjs/node_modules/ansi-regex": {
      "version": "5.0.1",
      "dev": true,
      "license": "MIT",
      "engines": {
        "node": ">=8"
      }
    },
    "node_modules/supports-preserve-symlinks-flag": {
      "version": "1.0.0",
      "dev": true,
      "license": "MIT",
      "engines": {
        "node": ">= 0.4"
      },
      "funding": {
        "url": "https://github.com/sponsors/ljharb"
      }
    },
    "node_modules/tslib": {
      "version": "2.6.3",
      "dev": true,
      "license": "0BSD"
    },
    "node_modules/typescript": {
      "version": "5.4.5",
      "dev": true,
      "license": "Apache-2.0",
      "peer": true,
      "bin": {
        "tsc": "bin/tsc",
        "tsserver": "bin/tsserver"
      },
      "engines": {
        "node": ">=14.17"
      }
    },
    "node_modules/which": {
      "version": "2.0.2",
      "dev": true,
      "license": "ISC",
      "dependencies": {
        "isexe": "^2.0.0"
      },
      "bin": {
        "node-which": "bin/node-which"
      },
      "engines": {
        "node": ">= 8"
      }
    },
    "node_modules/wrap-ansi": {
      "version": "8.1.0",
      "dev": true,
      "license": "MIT",
      "dependencies": {
        "ansi-styles": "^6.1.0",
        "string-width": "^5.0.1",
        "strip-ansi": "^7.0.1"
      },
      "engines": {
        "node": ">=12"
      },
      "funding": {
        "url": "https://github.com/chalk/wrap-ansi?sponsor=1"
      }
    },
    "node_modules/wrap-ansi-cjs": {
      "name": "wrap-ansi",
      "version": "7.0.0",
      "dev": true,
      "license": "MIT",
      "dependencies": {
        "ansi-styles": "^4.0.0",
        "string-width": "^4.1.0",
        "strip-ansi": "^6.0.0"
      },
      "engines": {
        "node": ">=10"
      },
      "funding": {
        "url": "https://github.com/chalk/wrap-ansi?sponsor=1"
      }
    },
    "node_modules/wrap-ansi-cjs/node_modules/ansi-regex": {
      "version": "5.0.1",
      "dev": true,
      "license": "MIT",
      "engines": {
        "node": ">=8"
      }
    },
    "node_modules/wrap-ansi-cjs/node_modules/ansi-styles": {
      "version": "4.3.0",
      "dev": true,
      "license": "MIT",
      "dependencies": {
        "color-convert": "^2.0.1"
      },
      "engines": {
        "node": ">=8"
      },
      "funding": {
        "url": "https://github.com/chalk/ansi-styles?sponsor=1"
      }
    },
    "node_modules/wrap-ansi-cjs/node_modules/emoji-regex": {
      "version": "8.0.0",
      "dev": true,
      "license": "MIT"
    },
    "node_modules/wrap-ansi-cjs/node_modules/string-width": {
      "version": "4.2.3",
      "dev": true,
      "license": "MIT",
      "dependencies": {
        "emoji-regex": "^8.0.0",
        "is-fullwidth-code-point": "^3.0.0",
        "strip-ansi": "^6.0.1"
      },
      "engines": {
        "node": ">=8"
      }
    },
    "node_modules/wrap-ansi-cjs/node_modules/strip-ansi": {
      "version": "6.0.1",
      "dev": true,
      "license": "MIT",
      "dependencies": {
        "ansi-regex": "^5.0.1"
      },
      "engines": {
        "node": ">=8"
      }
    },
    "packages/aria": {
      "name": "@blackcube/aurelia2-aria",
      "version": "2.1.0",
      "license": "BSD-3-Clause",
      "dependencies": {
        "@aurelia/validation": "^2.0.0-beta.21",
        "aurelia": "^2.0.0-beta.21"
      },
      "devDependencies": {
        "@rollup/plugin-typescript": "^11.1.6",
        "rimraf": "^5.0.7",
        "rollup": "^4.18.0",
        "tslib": "^2.6.3"
      }
    },
    "packages/powshield": {
      "name": "@blackcube/aurelia2-powshield",
      "version": "2.1.0",
      "license": "BSD-3-Clause",
      "dependencies": {
        "@aurelia/fetch-client": "^2.0.0-beta.21",
        "aurelia": "^2.0.0-beta.21"
      },
      "devDependencies": {
        "@rollup/plugin-typescript": "^11.1.6",
        "rimraf": "^5.0.7",
        "rollup": "^4.18.0",
        "tslib": "^2.6.3"
      }
    },
    "packages/powshieldjs": {
      "name": "@blackcube/vanilla-powshield",
      "version": "2.1.0",
      "license": "BSD-3-Clause",
      "devDependencies": {
        "@rollup/plugin-typescript": "^11.1.6",
        "rimraf": "^5.0.7",
        "rollup": "^4.18.0",
        "tslib": "^2.6.3"
      }
    },
    "packages/recaptcha": {
      "name": "@blackcube/aurelia2-recaptcha",
      "version": "2.1.0",
      "license": "BSD-3-Clause",
      "dependencies": {
        "aurelia": "^2.0.0-beta.21"
      },
      "devDependencies": {
        "@rollup/plugin-typescript": "^11.1.6",
        "rimraf": "^5.0.7",
        "rollup": "^4.18.0",
        "tslib": "^2.6.3"
      }
    },
    "packages/rgaa": {
      "name": "@blackcube-aurelia2/rgaa",
      "version": "1.0.0",
      "extraneous": true,
      "license": "BSD-3-Clause",
      "dependencies": {
        "@aurelia/validation": "^2.0.0-beta.10",
        "aurelia": "^2.0.0-beta.10"
      },
      "devDependencies": {
        "@rollup/plugin-typescript": "^11.1.6",
        "rimraf": "^5.0.7",
        "rollup": "^4.18.0",
        "tslib": "^2.6.3"
      }
    },
    "packages/taskrunner": {
      "name": "@blackcube/aurelia2-taskrunner",
      "version": "2.1.0",
      "license": "BSD-3-Clause",
      "dependencies": {
        "@aurelia/fetch-client": "^2.0.0-beta.21",
        "aurelia": "^2.0.0-beta.21"
      },
      "devDependencies": {
        "@rollup/plugin-typescript": "^11.1.6",
        "rimraf": "^5.0.7",
        "rollup": "^4.18.0",
        "tslib": "^2.6.3"
      }
    },
    "packages/webauthn": {
      "name": "@blackcube/aurelia2-webauthn",
      "version": "2.1.0",
      "license": "BSD-3-Clause",
      "dependencies": {
        "@aurelia/fetch-client": "^2.0.0-beta.21",
        "@aurelia/router": "^2.0.0-beta.21",
        "aurelia": "^2.0.0-beta.21"
      },
      "devDependencies": {
        "@rollup/plugin-typescript": "^11.1.6",
        "rimraf": "^5.0.7",
        "rollup": "^4.18.0",
        "tslib": "^2.6.3"
      }
    }
  }
}
