{
  "name": "@blackcube/aurelia2-plugins",
  "version": "2.2.2",
  "lockfileVersion": 3,
  "requires": true,
  "packages": {
    "": {
      "name": "@blackcube/aurelia2-plugins",
      "version": "2.2.2",
      "license": "BSD-3-Clause",
      "workspaces": [
        "packages/*"
      ],
      "devDependencies": {
        "@aurelia/fetch-client": "latest",
        "@aurelia/router": "latest",
        "@aurelia/validation": "latest",
        "@blackcube/aurelia2-aria": "latest",
        "@blackcube/aurelia2-transition": "latest",
        "@rollup/plugin-typescript": "^11.1.6",
        "aurelia": "latest",
        "rimraf": "^5.0.7",
        "rollup": "^4.24.0",
        "tslib": "^2.6.3"
      }
    },
    "node_modules/@aurelia/expression-parser": {
      "version": "2.0.0-beta.22",
      "resolved": "https://registry.npmjs.org/@aurelia/expression-parser/-/expression-parser-2.0.0-beta.22.tgz",
      "integrity": "sha512-9SVrdoAGFEv0HVQml9DGHGQSCJvIWbkwrsK773LOCIA7usYJ4hsO5QvhCnmKGiHVURTEVn/ohLzjEY0EP7QAfQ==",
      "license": "MIT",
      "dependencies": {
        "@aurelia/kernel": "2.0.0-beta.22"
      },
      "engines": {
        "node": ">=14.17.0"
      }
    },
    "node_modules/@aurelia/fetch-client": {
      "version": "2.0.0-beta.22",
      "resolved": "https://registry.npmjs.org/@aurelia/fetch-client/-/fetch-client-2.0.0-beta.22.tgz",
      "integrity": "sha512-eDQz9fp7BHdkUhUylWBMbZb8gc2tGKwrqpwtZEPAGMcWUrXo6PpIl10eCQ+HQF3XW7CG/vWdvWKFzawy58cf9g==",
      "license": "MIT",
      "dependencies": {
        "@aurelia/kernel": "2.0.0-beta.22",
        "@aurelia/metadata": "2.0.0-beta.22"
      },
      "engines": {
        "node": ">=14.17.0"
      }
    },
    "node_modules/@aurelia/kernel": {
      "version": "2.0.0-beta.22",
      "resolved": "https://registry.npmjs.org/@aurelia/kernel/-/kernel-2.0.0-beta.22.tgz",
      "integrity": "sha512-WjxRI3C/i1VK3aHOn45r1+uKQIzyJ9M9giN7rqAnakk13DKNTQHU0Ap+yfy7TOmS2H2FGzd6xhoKsa2ZgcPM0Q==",
      "license": "MIT",
      "dependencies": {
        "@aurelia/metadata": "2.0.0-beta.22",
        "@aurelia/platform": "2.0.0-beta.22"
      },
      "engines": {
        "node": ">=14.17.0"
      }
    },
    "node_modules/@aurelia/metadata": {
      "version": "2.0.0-beta.22",
      "resolved": "https://registry.npmjs.org/@aurelia/metadata/-/metadata-2.0.0-beta.22.tgz",
      "integrity": "sha512-7u7TdK6mSNEwoGVMFPmUoJV16gdDaROAZZq5oy81HPPS24GOJp4lwxQAuvqby7MTi0gnXXMLLsIoE+oZU7FQcw==",
      "license": "MIT",
      "engines": {
        "node": ">=14.17.0"
      }
    },
    "node_modules/@aurelia/platform": {
      "version": "2.0.0-beta.22",
      "resolved": "https://registry.npmjs.org/@aurelia/platform/-/platform-2.0.0-beta.22.tgz",
      "integrity": "sha512-tkE6xM0NYjvdUGYmTWXbi1BahQMQ/hKB8cyQSwq6k2AQfblrT+sfMOuU4RL20FU9VvKpUzBL5h2rEHC97ZJs8A==",
      "license": "MIT",
      "engines": {
        "node": ">=14.17.0"
      }
    },
    "node_modules/@aurelia/platform-browser": {
      "version": "2.0.0-beta.22",
      "resolved": "https://registry.npmjs.org/@aurelia/platform-browser/-/platform-browser-2.0.0-beta.22.tgz",
      "integrity": "sha512-wfnW8gZPVAOLMpsRodagSzchRxJn1EFIL79eMlz5OdlgKa+DtIoObTKiHT5nueInx9raBuv6c7rJR+ZSUsFuLQ==",
      "license": "MIT",
      "dependencies": {
        "@aurelia/platform": "2.0.0-beta.22"
      },
      "engines": {
        "node": ">=14.17.0"
      }
    },
    "node_modules/@aurelia/route-recognizer": {
      "version": "2.0.0-beta.22",
      "resolved": "https://registry.npmjs.org/@aurelia/route-recognizer/-/route-recognizer-2.0.0-beta.22.tgz",
      "integrity": "sha512-jmRhAJGToTRv9rwB3en6M1hEySvhCj06s/xLeM4xIBBVZcpUhzYpRIrRsMccHdvFQIxlHvHvnLXjRSnE6iCSmg==",
      "license": "MIT",
      "engines": {
        "node": ">=14.17.0"
      }
    },
    "node_modules/@aurelia/router": {
      "version": "2.0.0-beta.22",
      "resolved": "https://registry.npmjs.org/@aurelia/router/-/router-2.0.0-beta.22.tgz",
      "integrity": "sha512-pIYY2M88gSIQe2jLHCHUN135p8WLCdb+JOLpZfjw53UdN90keejp1v8cs2nb/q+1NflWpSQgg+KaqvDcN7/g6A==",
      "license": "MIT",
      "dependencies": {
        "@aurelia/kernel": "2.0.0-beta.22",
        "@aurelia/metadata": "2.0.0-beta.22",
        "@aurelia/platform": "2.0.0-beta.22",
        "@aurelia/platform-browser": "2.0.0-beta.22",
        "@aurelia/route-recognizer": "2.0.0-beta.22",
        "@aurelia/runtime": "2.0.0-beta.22",
        "@aurelia/runtime-html": "2.0.0-beta.22",
        "@aurelia/template-compiler": "2.0.0-beta.22"
      },
      "engines": {
        "node": ">=14.17.0"
      }
    },
    "node_modules/@aurelia/runtime": {
      "version": "2.0.0-beta.22",
      "resolved": "https://registry.npmjs.org/@aurelia/runtime/-/runtime-2.0.0-beta.22.tgz",
      "integrity": "sha512-pGR9+g8a8vTBz2ksF6QOrgDIs4rDPoS1SuHoilb1XLLaJNQ9BVho2sf3aIFikzcHBihm1720IOREB199pTqCIQ==",
      "license": "MIT",
      "dependencies": {
        "@aurelia/expression-parser": "2.0.0-beta.22",
        "@aurelia/kernel": "2.0.0-beta.22",
        "@aurelia/metadata": "2.0.0-beta.22",
        "@aurelia/platform": "2.0.0-beta.22"
      },
      "engines": {
        "node": ">=14.17.0"
      }
    },
    "node_modules/@aurelia/runtime-html": {
      "version": "2.0.0-beta.22",
      "resolved": "https://registry.npmjs.org/@aurelia/runtime-html/-/runtime-html-2.0.0-beta.22.tgz",
      "integrity": "sha512-cHC1xZif/joWOr/oX0FjAJQgXnZWZo7g+TXc2SV8Jcsw1w/PcxN592SSxSWMerdr9Ux6EtwMGAPxVku86k8img==",
      "license": "MIT",
      "dependencies": {
        "@aurelia/expression-parser": "2.0.0-beta.22",
        "@aurelia/kernel": "2.0.0-beta.22",
        "@aurelia/metadata": "2.0.0-beta.22",
        "@aurelia/platform": "2.0.0-beta.22",
        "@aurelia/platform-browser": "2.0.0-beta.22",
        "@aurelia/runtime": "2.0.0-beta.22",
        "@aurelia/template-compiler": "2.0.0-beta.22"
      },
      "engines": {
        "node": ">=14.17.0"
      }
    },
    "node_modules/@aurelia/template-compiler": {
      "version": "2.0.0-beta.22",
      "resolved": "https://registry.npmjs.org/@aurelia/template-compiler/-/template-compiler-2.0.0-beta.22.tgz",
      "integrity": "sha512-LMYaf0qTAD22z1mCsExd01tqSuZHQoYPPIdg94xQpCTkY32TFU3KBwdC7dW3hvxrB2xVNpLxMchnzBX1gxd4KA==",
      "license": "MIT",
      "dependencies": {
        "@aurelia/expression-parser": "2.0.0-beta.22",
        "@aurelia/kernel": "2.0.0-beta.22",
        "@aurelia/metadata": "2.0.0-beta.22"
      },
      "engines": {
        "node": ">=14.17.0"
      }
    },
    "node_modules/@aurelia/validation": {
      "version": "2.0.0-beta.22",
      "resolved": "https://registry.npmjs.org/@aurelia/validation/-/validation-2.0.0-beta.22.tgz",
      "integrity": "sha512-vMnj53MM7X5fvBL25hYhu0P+1Z7QBAGf+ECioM2wJWlq3uKMq4m4uRJXNL0NuPZax4RNLoVTFTWaltjn6KrVhA==",
      "dev": true,
      "license": "MIT",
      "dependencies": {
        "@aurelia/expression-parser": "2.0.0-beta.22",
        "@aurelia/kernel": "2.0.0-beta.22",
        "@aurelia/metadata": "2.0.0-beta.22",
        "@aurelia/platform": "2.0.0-beta.22",
        "@aurelia/runtime": "2.0.0-beta.22",
        "@aurelia/runtime-html": "2.0.0-beta.22"
      },
      "engines": {
        "node": ">=14.17.0"
      }
    },
    "node_modules/@blackcube/aurelia2-aria": {
      "resolved": "packages/aria",
      "link": true
    },
    "node_modules/@blackcube/aurelia2-powshield": {
      "resolved": "packages/powshield",
      "link": true
    },
    "node_modules/@blackcube/aurelia2-recaptcha": {
      "resolved": "packages/recaptcha",
      "link": true
    },
    "node_modules/@blackcube/aurelia2-rgaa": {
      "resolved": "packages/rgaa",
      "link": true
    },
    "node_modules/@blackcube/aurelia2-svgsprites": {
      "resolved": "packages/svg",
      "link": true
    },
    "node_modules/@blackcube/aurelia2-tailwind": {
      "resolved": "packages/tailwind",
      "link": true
    },
    "node_modules/@blackcube/aurelia2-taskrunner": {
      "resolved": "packages/taskrunner",
      "link": true
    },
    "node_modules/@blackcube/aurelia2-transition": {
      "resolved": "packages/transition",
      "link": true
    },
    "node_modules/@blackcube/aurelia2-webauthn": {
      "resolved": "packages/webauthn",
      "link": true
    },
    "node_modules/@blackcube/vanilla-powshield": {
      "resolved": "packages/powshieldjs",
      "link": true
    },
    "node_modules/@isaacs/cliui": {
      "version": "8.0.2",
      "resolved": "https://registry.npmjs.org/@isaacs/cliui/-/cliui-8.0.2.tgz",
      "integrity": "sha512-O8jcjabXaleOG9DQ0+ARXWZBTfnP4WNAqzuiJK7ll44AmxGKv/J2M4TPjxjY3znBCfvBXFzucm1twdyFybFqEA==",
      "dev": true,
      "license": "ISC",
      "dependencies": {
        "string-width": "^5.1.2",
        "string-width-cjs": "npm:string-width@^4.2.0",
        "strip-ansi": "^7.0.1",
        "strip-ansi-cjs": "npm:strip-ansi@^6.0.1",
        "wrap-ansi": "^8.1.0",
        "wrap-ansi-cjs": "npm:wrap-ansi@^7.0.0"
      },
      "engines": {
        "node": ">=12"
      }
    },
    "node_modules/@pkgjs/parseargs": {
      "version": "0.11.0",
      "resolved": "https://registry.npmjs.org/@pkgjs/parseargs/-/parseargs-0.11.0.tgz",
      "integrity": "sha512-+1VkjdD0QBLPodGrJUeqarH8VAIvQODIbwh9XpP5Syisf7YoQgsJKPNFoqqLQlu+VQ/tVSshMR6loPMn8U+dPg==",
      "dev": true,
      "license": "MIT",
      "optional": true,
      "engines": {
        "node": ">=14"
      }
    },
    "node_modules/@rollup/plugin-typescript": {
      "version": "11.1.6",
      "resolved": "https://registry.npmjs.org/@rollup/plugin-typescript/-/plugin-typescript-11.1.6.tgz",
      "integrity": "sha512-R92yOmIACgYdJ7dJ97p4K69I8gg6IEHt8M7dUBxN3W6nrO8uUxX5ixl0yU/N3aZTi8WhPuICvOHXQvF6FaykAA==",
      "dev": true,
      "license": "MIT",
      "dependencies": {
        "@rollup/pluginutils": "^5.1.0",
        "resolve": "^1.22.1"
      },
      "engines": {
        "node": ">=14.0.0"
      },
      "peerDependencies": {
        "rollup": "^2.14.0||^3.0.0||^4.0.0",
        "tslib": "*",
        "typescript": ">=3.7.0"
      },
      "peerDependenciesMeta": {
        "rollup": {
          "optional": true
        },
        "tslib": {
          "optional": true
        }
      }
    },
    "node_modules/@rollup/pluginutils": {
      "version": "5.1.3",
      "resolved": "https://registry.npmjs.org/@rollup/pluginutils/-/pluginutils-5.1.3.tgz",
      "integrity": "sha512-Pnsb6f32CD2W3uCaLZIzDmeFyQ2b8UWMFI7xtwUezpcGBDVDW6y9XgAWIlARiGAo6eNF5FK5aQTr0LFyNyqq5A==",
      "dev": true,
      "license": "MIT",
      "dependencies": {
        "@types/estree": "^1.0.0",
        "estree-walker": "^2.0.2",
        "picomatch": "^4.0.2"
      },
      "engines": {
        "node": ">=14.0.0"
      },
      "peerDependencies": {
        "rollup": "^1.20.0||^2.0.0||^3.0.0||^4.0.0"
      },
      "peerDependenciesMeta": {
        "rollup": {
          "optional": true
        }
      }
    },
    "node_modules/@rollup/rollup-android-arm-eabi": {
      "version": "4.24.0",
      "resolved": "https://registry.npmjs.org/@rollup/rollup-android-arm-eabi/-/rollup-android-arm-eabi-4.24.0.tgz",
      "integrity": "sha512-Q6HJd7Y6xdB48x8ZNVDOqsbh2uByBhgK8PiQgPhwkIw/HC/YX5Ghq2mQY5sRMZWHb3VsFkWooUVOZHKr7DmDIA==",
      "cpu": [
        "arm"
      ],
      "dev": true,
      "license": "MIT",
      "optional": true,
      "os": [
        "android"
      ]
    },
    "node_modules/@rollup/rollup-android-arm64": {
      "version": "4.24.0",
      "resolved": "https://registry.npmjs.org/@rollup/rollup-android-arm64/-/rollup-android-arm64-4.24.0.tgz",
      "integrity": "sha512-ijLnS1qFId8xhKjT81uBHuuJp2lU4x2yxa4ctFPtG+MqEE6+C5f/+X/bStmxapgmwLwiL3ih122xv8kVARNAZA==",
      "cpu": [
        "arm64"
      ],
      "dev": true,
      "license": "MIT",
      "optional": true,
      "os": [
        "android"
      ]
    },
    "node_modules/@rollup/rollup-darwin-arm64": {
      "version": "4.24.0",
      "resolved": "https://registry.npmjs.org/@rollup/rollup-darwin-arm64/-/rollup-darwin-arm64-4.24.0.tgz",
      "integrity": "sha512-bIv+X9xeSs1XCk6DVvkO+S/z8/2AMt/2lMqdQbMrmVpgFvXlmde9mLcbQpztXm1tajC3raFDqegsH18HQPMYtA==",
      "cpu": [
        "arm64"
      ],
      "dev": true,
      "license": "MIT",
      "optional": true,
      "os": [
        "darwin"
      ]
    },
    "node_modules/@rollup/rollup-darwin-x64": {
      "version": "4.24.0",
      "resolved": "https://registry.npmjs.org/@rollup/rollup-darwin-x64/-/rollup-darwin-x64-4.24.0.tgz",
      "integrity": "sha512-X6/nOwoFN7RT2svEQWUsW/5C/fYMBe4fnLK9DQk4SX4mgVBiTA9h64kjUYPvGQ0F/9xwJ5U5UfTbl6BEjaQdBQ==",
      "cpu": [
        "x64"
      ],
      "dev": true,
      "license": "MIT",
      "optional": true,
      "os": [
        "darwin"
      ]
    },
    "node_modules/@rollup/rollup-linux-arm-gnueabihf": {
      "version": "4.24.0",
      "resolved": "https://registry.npmjs.org/@rollup/rollup-linux-arm-gnueabihf/-/rollup-linux-arm-gnueabihf-4.24.0.tgz",
      "integrity": "sha512-0KXvIJQMOImLCVCz9uvvdPgfyWo93aHHp8ui3FrtOP57svqrF/roSSR5pjqL2hcMp0ljeGlU4q9o/rQaAQ3AYA==",
      "cpu": [
        "arm"
      ],
      "dev": true,
      "license": "MIT",
      "optional": true,
      "os": [
        "linux"
      ]
    },
    "node_modules/@rollup/rollup-linux-arm-musleabihf": {
      "version": "4.24.0",
      "resolved": "https://registry.npmjs.org/@rollup/rollup-linux-arm-musleabihf/-/rollup-linux-arm-musleabihf-4.24.0.tgz",
      "integrity": "sha512-it2BW6kKFVh8xk/BnHfakEeoLPv8STIISekpoF+nBgWM4d55CZKc7T4Dx1pEbTnYm/xEKMgy1MNtYuoA8RFIWw==",
      "cpu": [
        "arm"
      ],
      "dev": true,
      "license": "MIT",
      "optional": true,
      "os": [
        "linux"
      ]
    },
    "node_modules/@rollup/rollup-linux-arm64-gnu": {
      "version": "4.24.0",
      "resolved": "https://registry.npmjs.org/@rollup/rollup-linux-arm64-gnu/-/rollup-linux-arm64-gnu-4.24.0.tgz",
      "integrity": "sha512-i0xTLXjqap2eRfulFVlSnM5dEbTVque/3Pi4g2y7cxrs7+a9De42z4XxKLYJ7+OhE3IgxvfQM7vQc43bwTgPwA==",
      "cpu": [
        "arm64"
      ],
      "dev": true,
      "license": "MIT",
      "optional": true,
      "os": [
        "linux"
      ]
    },
    "node_modules/@rollup/rollup-linux-arm64-musl": {
      "version": "4.24.0",
      "resolved": "https://registry.npmjs.org/@rollup/rollup-linux-arm64-musl/-/rollup-linux-arm64-musl-4.24.0.tgz",
      "integrity": "sha512-9E6MKUJhDuDh604Qco5yP/3qn3y7SLXYuiC0Rpr89aMScS2UAmK1wHP2b7KAa1nSjWJc/f/Lc0Wl1L47qjiyQw==",
      "cpu": [
        "arm64"
      ],
      "dev": true,
      "license": "MIT",
      "optional": true,
      "os": [
        "linux"
      ]
    },
    "node_modules/@rollup/rollup-linux-powerpc64le-gnu": {
      "version": "4.24.0",
      "resolved": "https://registry.npmjs.org/@rollup/rollup-linux-powerpc64le-gnu/-/rollup-linux-powerpc64le-gnu-4.24.0.tgz",
      "integrity": "sha512-2XFFPJ2XMEiF5Zi2EBf4h73oR1V/lycirxZxHZNc93SqDN/IWhYYSYj8I9381ikUFXZrz2v7r2tOVk2NBwxrWw==",
      "cpu": [
        "ppc64"
      ],
      "dev": true,
      "license": "MIT",
      "optional": true,
      "os": [
        "linux"
      ]
    },
    "node_modules/@rollup/rollup-linux-riscv64-gnu": {
      "version": "4.24.0",
      "resolved": "https://registry.npmjs.org/@rollup/rollup-linux-riscv64-gnu/-/rollup-linux-riscv64-gnu-4.24.0.tgz",
      "integrity": "sha512-M3Dg4hlwuntUCdzU7KjYqbbd+BLq3JMAOhCKdBE3TcMGMZbKkDdJ5ivNdehOssMCIokNHFOsv7DO4rlEOfyKpg==",
      "cpu": [
        "riscv64"
      ],
      "dev": true,
      "license": "MIT",
      "optional": true,
      "os": [
        "linux"
      ]
    },
    "node_modules/@rollup/rollup-linux-s390x-gnu": {
      "version": "4.24.0",
      "resolved": "https://registry.npmjs.org/@rollup/rollup-linux-s390x-gnu/-/rollup-linux-s390x-gnu-4.24.0.tgz",
      "integrity": "sha512-mjBaoo4ocxJppTorZVKWFpy1bfFj9FeCMJqzlMQGjpNPY9JwQi7OuS1axzNIk0nMX6jSgy6ZURDZ2w0QW6D56g==",
      "cpu": [
        "s390x"
      ],
      "dev": true,
      "license": "MIT",
      "optional": true,
      "os": [
        "linux"
      ]
    },
    "node_modules/@rollup/rollup-linux-x64-gnu": {
      "version": "4.24.0",
      "resolved": "https://registry.npmjs.org/@rollup/rollup-linux-x64-gnu/-/rollup-linux-x64-gnu-4.24.0.tgz",
      "integrity": "sha512-ZXFk7M72R0YYFN5q13niV0B7G8/5dcQ9JDp8keJSfr3GoZeXEoMHP/HlvqROA3OMbMdfr19IjCeNAnPUG93b6A==",
      "cpu": [
        "x64"
      ],
      "dev": true,
      "license": "MIT",
      "optional": true,
      "os": [
        "linux"
      ]
    },
    "node_modules/@rollup/rollup-linux-x64-musl": {
      "version": "4.24.0",
      "resolved": "https://registry.npmjs.org/@rollup/rollup-linux-x64-musl/-/rollup-linux-x64-musl-4.24.0.tgz",
      "integrity": "sha512-w1i+L7kAXZNdYl+vFvzSZy8Y1arS7vMgIy8wusXJzRrPyof5LAb02KGr1PD2EkRcl73kHulIID0M501lN+vobQ==",
      "cpu": [
        "x64"
      ],
      "dev": true,
      "license": "MIT",
      "optional": true,
      "os": [
        "linux"
      ]
    },
    "node_modules/@rollup/rollup-win32-arm64-msvc": {
      "version": "4.24.0",
      "resolved": "https://registry.npmjs.org/@rollup/rollup-win32-arm64-msvc/-/rollup-win32-arm64-msvc-4.24.0.tgz",
      "integrity": "sha512-VXBrnPWgBpVDCVY6XF3LEW0pOU51KbaHhccHw6AS6vBWIC60eqsH19DAeeObl+g8nKAz04QFdl/Cefta0xQtUQ==",
      "cpu": [
        "arm64"
      ],
      "dev": true,
      "license": "MIT",
      "optional": true,
      "os": [
        "win32"
      ]
    },
    "node_modules/@rollup/rollup-win32-ia32-msvc": {
      "version": "4.24.0",
      "resolved": "https://registry.npmjs.org/@rollup/rollup-win32-ia32-msvc/-/rollup-win32-ia32-msvc-4.24.0.tgz",
      "integrity": "sha512-xrNcGDU0OxVcPTH/8n/ShH4UevZxKIO6HJFK0e15XItZP2UcaiLFd5kiX7hJnqCbSztUF8Qot+JWBC/QXRPYWQ==",
      "cpu": [
        "ia32"
      ],
      "dev": true,
      "license": "MIT",
      "optional": true,
      "os": [
        "win32"
      ]
    },
    "node_modules/@rollup/rollup-win32-x64-msvc": {
      "version": "4.24.0",
      "resolved": "https://registry.npmjs.org/@rollup/rollup-win32-x64-msvc/-/rollup-win32-x64-msvc-4.24.0.tgz",
      "integrity": "sha512-fbMkAF7fufku0N2dE5TBXcNlg0pt0cJue4xBRE2Qc5Vqikxr4VCgKj/ht6SMdFcOacVA9rqF70APJ8RN/4vMJw==",
      "cpu": [
        "x64"
      ],
      "dev": true,
      "license": "MIT",
      "optional": true,
      "os": [
        "win32"
      ]
    },
    "node_modules/@types/estree": {
      "version": "1.0.6",
      "resolved": "https://registry.npmjs.org/@types/estree/-/estree-1.0.6.tgz",
      "integrity": "sha512-AYnb1nQyY49te+VRAVgmzfcgjYS91mY5P0TKUDCLEM+gNnA+3T6rWITXRLYCpahpqSQbN5cE+gHpnPyXjHWxcw==",
      "dev": true,
      "license": "MIT"
    },
    "node_modules/ansi-regex": {
      "version": "6.1.0",
      "resolved": "https://registry.npmjs.org/ansi-regex/-/ansi-regex-6.1.0.tgz",
      "integrity": "sha512-7HSX4QQb4CspciLpVFwyRe79O3xsIZDDLER21kERQ71oaPodF8jL725AgJMFAYbooIqolJoRLuM81SpeUkpkvA==",
      "dev": true,
      "license": "MIT",
      "engines": {
        "node": ">=12"
      },
      "funding": {
        "url": "https://github.com/chalk/ansi-regex?sponsor=1"
      }
    },
    "node_modules/ansi-styles": {
      "version": "6.2.1",
      "resolved": "https://registry.npmjs.org/ansi-styles/-/ansi-styles-6.2.1.tgz",
      "integrity": "sha512-bN798gFfQX+viw3R7yrGWRqnrN2oRkEkUjjl4JNn4E8GxxbjtG3FbrEIIY3l8/hrwUwIeCZvi4QuOTP4MErVug==",
      "dev": true,
      "license": "MIT",
      "engines": {
        "node": ">=12"
      },
      "funding": {
        "url": "https://github.com/chalk/ansi-styles?sponsor=1"
      }
    },
    "node_modules/aurelia": {
      "version": "2.0.0-beta.22",
      "resolved": "https://registry.npmjs.org/aurelia/-/aurelia-2.0.0-beta.22.tgz",
      "integrity": "sha512-NB3R5SgE8KBJG5SLO7YOiTL7eAdZLZO4iX/ehw6U2L0Ba/p90ESmVleKbN4FuP+eYYbZXDLc7z1zeGMZZbC7wA==",
      "license": "MIT",
      "dependencies": {
        "@aurelia/expression-parser": "2.0.0-beta.22",
        "@aurelia/fetch-client": "2.0.0-beta.22",
        "@aurelia/kernel": "2.0.0-beta.22",
        "@aurelia/metadata": "2.0.0-beta.22",
        "@aurelia/platform": "2.0.0-beta.22",
        "@aurelia/platform-browser": "2.0.0-beta.22",
        "@aurelia/runtime": "2.0.0-beta.22",
        "@aurelia/runtime-html": "2.0.0-beta.22",
        "@aurelia/template-compiler": "2.0.0-beta.22"
      },
      "engines": {
        "node": ">=14.17.0"
      }
    },
    "node_modules/balanced-match": {
      "version": "1.0.2",
      "resolved": "https://registry.npmjs.org/balanced-match/-/balanced-match-1.0.2.tgz",
      "integrity": "sha512-3oSeUO0TMV67hN1AmbXsK4yaqU7tjiHlbxRDZOpH0KW9+CeX4bRAaX0Anxt0tx2MrpRpWwQaPwIlISEJhYU5Pw==",
      "dev": true,
      "license": "MIT"
    },
    "node_modules/brace-expansion": {
      "version": "2.0.1",
      "resolved": "https://registry.npmjs.org/brace-expansion/-/brace-expansion-2.0.1.tgz",
      "integrity": "sha512-XnAIvQ8eM+kC6aULx6wuQiwVsnzsi9d3WxzV3FpWTGA19F621kwdbsAcFKXgKUHZWsy+mY6iL1sHTxWEFCytDA==",
      "dev": true,
      "license": "MIT",
      "dependencies": {
        "balanced-match": "^1.0.0"
      }
    },
    "node_modules/color-convert": {
      "version": "2.0.1",
      "resolved": "https://registry.npmjs.org/color-convert/-/color-convert-2.0.1.tgz",
      "integrity": "sha512-RRECPsj7iu/xb5oKYcsFHSppFNnsj/52OVTRKb4zP5onXwVF3zVmmToNcOfGC+CRDpfK/U584fMg38ZHCaElKQ==",
      "dev": true,
      "license": "MIT",
      "dependencies": {
        "color-name": "~1.1.4"
      },
      "engines": {
        "node": ">=7.0.0"
      }
    },
    "node_modules/color-name": {
      "version": "1.1.4",
      "resolved": "https://registry.npmjs.org/color-name/-/color-name-1.1.4.tgz",
      "integrity": "sha512-dOy+3AuW3a2wNbZHIuMZpTcgjGuLU/uBL/ubcZF9OXbDo8ff4O8yVp5Bf0efS8uEoYo5q4Fx7dY9OgQGXgAsQA==",
      "dev": true,
      "license": "MIT"
    },
    "node_modules/cross-spawn": {
      "version": "7.0.3",
      "resolved": "https://registry.npmjs.org/cross-spawn/-/cross-spawn-7.0.3.tgz",
      "integrity": "sha512-iRDPJKUPVEND7dHPO8rkbOnPpyDygcDFtWjpeWNCgy8WP2rXcxXL8TskReQl6OrB2G7+UJrags1q15Fudc7G6w==",
      "dev": true,
      "license": "MIT",
      "dependencies": {
        "path-key": "^3.1.0",
        "shebang-command": "^2.0.0",
        "which": "^2.0.1"
      },
      "engines": {
        "node": ">= 8"
      }
    },
    "node_modules/eastasianwidth": {
      "version": "0.2.0",
      "resolved": "https://registry.npmjs.org/eastasianwidth/-/eastasianwidth-0.2.0.tgz",
      "integrity": "sha512-I88TYZWc9XiYHRQ4/3c5rjjfgkjhLyW2luGIheGERbNQ6OY7yTybanSpDXZa8y7VUP9YmDcYa+eyq4ca7iLqWA==",
      "dev": true,
      "license": "MIT"
    },
    "node_modules/emoji-regex": {
      "version": "9.2.2",
      "resolved": "https://registry.npmjs.org/emoji-regex/-/emoji-regex-9.2.2.tgz",
      "integrity": "sha512-L18DaJsXSUk2+42pv8mLs5jJT2hqFkFE4j21wOmgbUqsZ2hL72NsUU785g9RXgo3s0ZNgVl42TiHp3ZtOv/Vyg==",
      "dev": true,
      "license": "MIT"
    },
    "node_modules/estree-walker": {
      "version": "2.0.2",
      "resolved": "https://registry.npmjs.org/estree-walker/-/estree-walker-2.0.2.tgz",
      "integrity": "sha512-Rfkk/Mp/DL7JVje3u18FxFujQlTNR2q6QfMSMB7AvCBx91NGj/ba3kCfza0f6dVDbw7YlRf/nDrn7pQrCCyQ/w==",
      "dev": true,
      "license": "MIT"
    },
    "node_modules/foreground-child": {
      "version": "3.3.0",
      "resolved": "https://registry.npmjs.org/foreground-child/-/foreground-child-3.3.0.tgz",
      "integrity": "sha512-Ld2g8rrAyMYFXBhEqMz8ZAHBi4J4uS1i/CxGMDnjyFWddMXLVcDp051DZfu+t7+ab7Wv6SMqpWmyFIj5UbfFvg==",
      "dev": true,
      "license": "ISC",
      "dependencies": {
        "cross-spawn": "^7.0.0",
        "signal-exit": "^4.0.1"
      },
      "engines": {
        "node": ">=14"
      },
      "funding": {
        "url": "https://github.com/sponsors/isaacs"
      }
    },
    "node_modules/fsevents": {
      "version": "2.3.3",
      "resolved": "https://registry.npmjs.org/fsevents/-/fsevents-2.3.3.tgz",
      "integrity": "sha512-5xoDfX+fL7faATnagmWPpbFtwh/R77WmMMqqHGS65C3vvB0YHrgF+B1YmZ3441tMj5n63k0212XNoJwzlhffQw==",
      "dev": true,
      "hasInstallScript": true,
      "license": "MIT",
      "optional": true,
      "os": [
        "darwin"
      ],
      "engines": {
        "node": "^8.16.0 || ^10.6.0 || >=11.0.0"
      }
    },
    "node_modules/function-bind": {
      "version": "1.1.2",
      "resolved": "https://registry.npmjs.org/function-bind/-/function-bind-1.1.2.tgz",
      "integrity": "sha512-7XHNxH7qX9xG5mIwxkhumTox/MIRNcOgDrxWsMt2pAr23WHp6MrRlN7FBSFpCpr+oVO0F744iUgR82nJMfG2SA==",
      "dev": true,
      "license": "MIT",
      "funding": {
        "url": "https://github.com/sponsors/ljharb"
      }
    },
    "node_modules/glob": {
      "version": "10.4.5",
      "resolved": "https://registry.npmjs.org/glob/-/glob-10.4.5.tgz",
      "integrity": "sha512-7Bv8RF0k6xjo7d4A/PxYLbUCfb6c+Vpd2/mB2yRDlew7Jb5hEXiCD9ibfO7wpk8i4sevK6DFny9h7EYbM3/sHg==",
      "dev": true,
      "license": "ISC",
      "dependencies": {
        "foreground-child": "^3.1.0",
        "jackspeak": "^3.1.2",
        "minimatch": "^9.0.4",
        "minipass": "^7.1.2",
        "package-json-from-dist": "^1.0.0",
        "path-scurry": "^1.11.1"
      },
      "bin": {
        "glob": "dist/esm/bin.mjs"
      },
      "funding": {
        "url": "https://github.com/sponsors/isaacs"
      }
    },
    "node_modules/hasown": {
      "version": "2.0.2",
      "resolved": "https://registry.npmjs.org/hasown/-/hasown-2.0.2.tgz",
      "integrity": "sha512-0hJU9SCPvmMzIBdZFqNPXWa6dqh7WdH0cII9y+CyS8rG3nL48Bclra9HmKhVVUHyPWNH5Y7xDwAB7bfgSjkUMQ==",
      "dev": true,
      "license": "MIT",
      "dependencies": {
        "function-bind": "^1.1.2"
      },
      "engines": {
        "node": ">= 0.4"
      }
    },
    "node_modules/is-core-module": {
      "version": "2.15.1",
      "resolved": "https://registry.npmjs.org/is-core-module/-/is-core-module-2.15.1.tgz",
      "integrity": "sha512-z0vtXSwucUJtANQWldhbtbt7BnL0vxiFjIdDLAatwhDYty2bad6s+rijD6Ri4YuYJubLzIJLUidCh09e1djEVQ==",
      "dev": true,
      "license": "MIT",
      "dependencies": {
        "hasown": "^2.0.2"
      },
      "engines": {
        "node": ">= 0.4"
      },
      "funding": {
        "url": "https://github.com/sponsors/ljharb"
      }
    },
    "node_modules/is-fullwidth-code-point": {
      "version": "3.0.0",
      "resolved": "https://registry.npmjs.org/is-fullwidth-code-point/-/is-fullwidth-code-point-3.0.0.tgz",
      "integrity": "sha512-zymm5+u+sCsSWyD9qNaejV3DFvhCKclKdizYaJUuHA83RLjb7nSuGnddCHGv0hk+KY7BMAlsWeK4Ueg6EV6XQg==",
      "dev": true,
      "license": "MIT",
      "engines": {
        "node": ">=8"
      }
    },
    "node_modules/isexe": {
      "version": "2.0.0",
      "resolved": "https://registry.npmjs.org/isexe/-/isexe-2.0.0.tgz",
      "integrity": "sha512-RHxMLp9lnKHGHRng9QFhRCMbYAcVpn69smSGcq3f36xjgVVWThj4qqLbTLlq7Ssj8B+fIQ1EuCEGI2lKsyQeIw==",
      "dev": true,
      "license": "ISC"
    },
    "node_modules/jackspeak": {
      "version": "3.4.3",
      "resolved": "https://registry.npmjs.org/jackspeak/-/jackspeak-3.4.3.tgz",
      "integrity": "sha512-OGlZQpz2yfahA/Rd1Y8Cd9SIEsqvXkLVoSw/cgwhnhFMDbsQFeZYoJJ7bIZBS9BcamUW96asq/npPWugM+RQBw==",
      "dev": true,
      "license": "BlueOak-1.0.0",
      "dependencies": {
        "@isaacs/cliui": "^8.0.2"
      },
      "funding": {
        "url": "https://github.com/sponsors/isaacs"
      },
      "optionalDependencies": {
        "@pkgjs/parseargs": "^0.11.0"
      }
    },
    "node_modules/lru-cache": {
      "version": "10.4.3",
      "resolved": "https://registry.npmjs.org/lru-cache/-/lru-cache-10.4.3.tgz",
      "integrity": "sha512-JNAzZcXrCt42VGLuYz0zfAzDfAvJWW6AfYlDBQyDV5DClI2m5sAmK+OIO7s59XfsRsWHp02jAJrRadPRGTt6SQ==",
      "dev": true,
      "license": "ISC"
    },
    "node_modules/minimatch": {
      "version": "9.0.5",
      "resolved": "https://registry.npmjs.org/minimatch/-/minimatch-9.0.5.tgz",
      "integrity": "sha512-G6T0ZX48xgozx7587koeX9Ys2NYy6Gmv//P89sEte9V9whIapMNF4idKxnW2QtCcLiTWlb/wfCabAtAFWhhBow==",
      "dev": true,
      "license": "ISC",
      "dependencies": {
        "brace-expansion": "^2.0.1"
      },
      "engines": {
        "node": ">=16 || 14 >=14.17"
      },
      "funding": {
        "url": "https://github.com/sponsors/isaacs"
      }
    },
    "node_modules/minipass": {
      "version": "7.1.2",
      "resolved": "https://registry.npmjs.org/minipass/-/minipass-7.1.2.tgz",
      "integrity": "sha512-qOOzS1cBTWYF4BH8fVePDBOO9iptMnGUEZwNc/cMWnTV2nVLZ7VoNWEPHkYczZA0pdoA7dl6e7FL659nX9S2aw==",
      "dev": true,
      "license": "ISC",
      "engines": {
        "node": ">=16 || 14 >=14.17"
      }
    },
    "node_modules/package-json-from-dist": {
      "version": "1.0.1",
      "resolved": "https://registry.npmjs.org/package-json-from-dist/-/package-json-from-dist-1.0.1.tgz",
      "integrity": "sha512-UEZIS3/by4OC8vL3P2dTXRETpebLI2NiI5vIrjaD/5UtrkFX/tNbwjTSRAGC/+7CAo2pIcBaRgWmcBBHcsaCIw==",
      "dev": true,
      "license": "BlueOak-1.0.0"
    },
    "node_modules/path-key": {
      "version": "3.1.1",
      "resolved": "https://registry.npmjs.org/path-key/-/path-key-3.1.1.tgz",
      "integrity": "sha512-ojmeN0qd+y0jszEtoY48r0Peq5dwMEkIlCOu6Q5f41lfkswXuKtYrhgoTpLnyIcHm24Uhqx+5Tqm2InSwLhE6Q==",
      "dev": true,
      "license": "MIT",
      "engines": {
        "node": ">=8"
      }
    },
    "node_modules/path-parse": {
      "version": "1.0.7",
      "resolved": "https://registry.npmjs.org/path-parse/-/path-parse-1.0.7.tgz",
      "integrity": "sha512-LDJzPVEEEPR+y48z93A0Ed0yXb8pAByGWo/k5YYdYgpY2/2EsOsksJrq7lOHxryrVOn1ejG6oAp8ahvOIQD8sw==",
      "dev": true,
      "license": "MIT"
    },
    "node_modules/path-scurry": {
      "version": "1.11.1",
      "resolved": "https://registry.npmjs.org/path-scurry/-/path-scurry-1.11.1.tgz",
      "integrity": "sha512-Xa4Nw17FS9ApQFJ9umLiJS4orGjm7ZzwUrwamcGQuHSzDyth9boKDaycYdDcZDuqYATXw4HFXgaqWTctW/v1HA==",
      "dev": true,
      "license": "BlueOak-1.0.0",
      "dependencies": {
        "lru-cache": "^10.2.0",
        "minipass": "^5.0.0 || ^6.0.2 || ^7.0.0"
      },
      "engines": {
        "node": ">=16 || 14 >=14.18"
      },
      "funding": {
        "url": "https://github.com/sponsors/isaacs"
      }
    },
    "node_modules/picomatch": {
      "version": "4.0.2",
      "resolved": "https://registry.npmjs.org/picomatch/-/picomatch-4.0.2.tgz",
      "integrity": "sha512-M7BAV6Rlcy5u+m6oPhAPFgJTzAioX/6B0DxyvDlo9l8+T3nLKbrczg2WLUyzd45L8RqfUMyGPzekbMvX2Ldkwg==",
      "dev": true,
      "license": "MIT",
      "engines": {
        "node": ">=12"
      },
      "funding": {
        "url": "https://github.com/sponsors/jonschlinkert"
      }
    },
    "node_modules/resolve": {
      "version": "1.22.8",
      "resolved": "https://registry.npmjs.org/resolve/-/resolve-1.22.8.tgz",
      "integrity": "sha512-oKWePCxqpd6FlLvGV1VU0x7bkPmmCNolxzjMf4NczoDnQcIWrAF+cPtZn5i6n+RfD2d9i0tzpKnG6Yk168yIyw==",
      "dev": true,
      "license": "MIT",
      "dependencies": {
        "is-core-module": "^2.13.0",
        "path-parse": "^1.0.7",
        "supports-preserve-symlinks-flag": "^1.0.0"
      },
      "bin": {
        "resolve": "bin/resolve"
      },
      "funding": {
        "url": "https://github.com/sponsors/ljharb"
      }
    },
    "node_modules/rimraf": {
      "version": "5.0.10",
      "resolved": "https://registry.npmjs.org/rimraf/-/rimraf-5.0.10.tgz",
      "integrity": "sha512-l0OE8wL34P4nJH/H2ffoaniAokM2qSmrtXHmlpvYr5AVVX8msAyW0l8NVJFDxlSK4u3Uh/f41cQheDVdnYijwQ==",
      "dev": true,
      "license": "ISC",
      "dependencies": {
        "glob": "^10.3.7"
      },
      "bin": {
        "rimraf": "dist/esm/bin.mjs"
      },
      "funding": {
        "url": "https://github.com/sponsors/isaacs"
      }
    },
    "node_modules/rollup": {
      "version": "4.24.0",
      "resolved": "https://registry.npmjs.org/rollup/-/rollup-4.24.0.tgz",
      "integrity": "sha512-DOmrlGSXNk1DM0ljiQA+i+o0rSLhtii1je5wgk60j49d1jHT5YYttBv1iWOnYSTG+fZZESUOSNiAl89SIet+Cg==",
      "dev": true,
      "license": "MIT",
      "dependencies": {
        "@types/estree": "1.0.6"
      },
      "bin": {
        "rollup": "dist/bin/rollup"
      },
      "engines": {
        "node": ">=18.0.0",
        "npm": ">=8.0.0"
      },
      "optionalDependencies": {
        "@rollup/rollup-android-arm-eabi": "4.24.0",
        "@rollup/rollup-android-arm64": "4.24.0",
        "@rollup/rollup-darwin-arm64": "4.24.0",
        "@rollup/rollup-darwin-x64": "4.24.0",
        "@rollup/rollup-linux-arm-gnueabihf": "4.24.0",
        "@rollup/rollup-linux-arm-musleabihf": "4.24.0",
        "@rollup/rollup-linux-arm64-gnu": "4.24.0",
        "@rollup/rollup-linux-arm64-musl": "4.24.0",
        "@rollup/rollup-linux-powerpc64le-gnu": "4.24.0",
        "@rollup/rollup-linux-riscv64-gnu": "4.24.0",
        "@rollup/rollup-linux-s390x-gnu": "4.24.0",
        "@rollup/rollup-linux-x64-gnu": "4.24.0",
        "@rollup/rollup-linux-x64-musl": "4.24.0",
        "@rollup/rollup-win32-arm64-msvc": "4.24.0",
        "@rollup/rollup-win32-ia32-msvc": "4.24.0",
        "@rollup/rollup-win32-x64-msvc": "4.24.0",
        "fsevents": "~2.3.2"
      }
    },
    "node_modules/shebang-command": {
      "version": "2.0.0",
      "resolved": "https://registry.npmjs.org/shebang-command/-/shebang-command-2.0.0.tgz",
      "integrity": "sha512-kHxr2zZpYtdmrN1qDjrrX/Z1rR1kG8Dx+gkpK1G4eXmvXswmcE1hTWBWYUzlraYw1/yZp6YuDY77YtvbN0dmDA==",
      "dev": true,
      "license": "MIT",
      "dependencies": {
        "shebang-regex": "^3.0.0"
      },
      "engines": {
        "node": ">=8"
      }
    },
    "node_modules/shebang-regex": {
      "version": "3.0.0",
      "resolved": "https://registry.npmjs.org/shebang-regex/-/shebang-regex-3.0.0.tgz",
      "integrity": "sha512-7++dFhtcx3353uBaq8DDR4NuxBetBzC7ZQOhmTQInHEd6bSrXdiEyzCvG07Z44UYdLShWUyXt5M/yhz8ekcb1A==",
      "dev": true,
      "license": "MIT",
      "engines": {
        "node": ">=8"
      }
    },
    "node_modules/signal-exit": {
      "version": "4.1.0",
      "resolved": "https://registry.npmjs.org/signal-exit/-/signal-exit-4.1.0.tgz",
      "integrity": "sha512-bzyZ1e88w9O1iNJbKnOlvYTrWPDl46O1bG0D3XInv+9tkPrxrN8jUUTiFlDkkmKWgn1M6CfIA13SuGqOa9Korw==",
      "dev": true,
      "license": "ISC",
      "engines": {
        "node": ">=14"
      },
      "funding": {
        "url": "https://github.com/sponsors/isaacs"
      }
    },
    "node_modules/string-width": {
      "version": "5.1.2",
      "resolved": "https://registry.npmjs.org/string-width/-/string-width-5.1.2.tgz",
      "integrity": "sha512-HnLOCR3vjcY8beoNLtcjZ5/nxn2afmME6lhrDrebokqMap+XbeW8n9TXpPDOqdGK5qcI3oT0GKTW6wC7EMiVqA==",
      "dev": true,
      "license": "MIT",
      "dependencies": {
        "eastasianwidth": "^0.2.0",
        "emoji-regex": "^9.2.2",
        "strip-ansi": "^7.0.1"
      },
      "engines": {
        "node": ">=12"
      },
      "funding": {
        "url": "https://github.com/sponsors/sindresorhus"
      }
    },
    "node_modules/string-width-cjs": {
      "name": "string-width",
      "version": "4.2.3",
      "resolved": "https://registry.npmjs.org/string-width/-/string-width-4.2.3.tgz",
      "integrity": "sha512-wKyQRQpjJ0sIp62ErSZdGsjMJWsap5oRNihHhu6G7JVO/9jIB6UyevL+tXuOqrng8j/cxKTWyWUwvSTriiZz/g==",
      "dev": true,
      "license": "MIT",
      "dependencies": {
        "emoji-regex": "^8.0.0",
        "is-fullwidth-code-point": "^3.0.0",
        "strip-ansi": "^6.0.1"
      },
      "engines": {
        "node": ">=8"
      }
    },
    "node_modules/string-width-cjs/node_modules/ansi-regex": {
      "version": "5.0.1",
      "resolved": "https://registry.npmjs.org/ansi-regex/-/ansi-regex-5.0.1.tgz",
      "integrity": "sha512-quJQXlTSUGL2LH9SUXo8VwsY4soanhgo6LNSm84E1LBcE8s3O0wpdiRzyR9z/ZZJMlMWv37qOOb9pdJlMUEKFQ==",
      "dev": true,
      "license": "MIT",
      "engines": {
        "node": ">=8"
      }
    },
    "node_modules/string-width-cjs/node_modules/emoji-regex": {
      "version": "8.0.0",
      "resolved": "https://registry.npmjs.org/emoji-regex/-/emoji-regex-8.0.0.tgz",
      "integrity": "sha512-MSjYzcWNOA0ewAHpz0MxpYFvwg6yjy1NG3xteoqz644VCo/RPgnr1/GGt+ic3iJTzQ8Eu3TdM14SawnVUmGE6A==",
      "dev": true,
      "license": "MIT"
    },
    "node_modules/string-width-cjs/node_modules/strip-ansi": {
      "version": "6.0.1",
      "resolved": "https://registry.npmjs.org/strip-ansi/-/strip-ansi-6.0.1.tgz",
      "integrity": "sha512-Y38VPSHcqkFrCpFnQ9vuSXmquuv5oXOKpGeT6aGrr3o3Gc9AlVa6JBfUSOCnbxGGZF+/0ooI7KrPuUSztUdU5A==",
      "dev": true,
      "license": "MIT",
      "dependencies": {
        "ansi-regex": "^5.0.1"
      },
      "engines": {
        "node": ">=8"
      }
    },
    "node_modules/strip-ansi": {
      "version": "7.1.0",
      "resolved": "https://registry.npmjs.org/strip-ansi/-/strip-ansi-7.1.0.tgz",
      "integrity": "sha512-iq6eVVI64nQQTRYq2KtEg2d2uU7LElhTJwsH4YzIHZshxlgZms/wIc4VoDQTlG/IvVIrBKG06CrZnp0qv7hkcQ==",
      "dev": true,
      "license": "MIT",
      "dependencies": {
        "ansi-regex": "^6.0.1"
      },
      "engines": {
        "node": ">=12"
      },
      "funding": {
        "url": "https://github.com/chalk/strip-ansi?sponsor=1"
      }
    },
    "node_modules/strip-ansi-cjs": {
      "name": "strip-ansi",
      "version": "6.0.1",
      "resolved": "https://registry.npmjs.org/strip-ansi/-/strip-ansi-6.0.1.tgz",
      "integrity": "sha512-Y38VPSHcqkFrCpFnQ9vuSXmquuv5oXOKpGeT6aGrr3o3Gc9AlVa6JBfUSOCnbxGGZF+/0ooI7KrPuUSztUdU5A==",
      "dev": true,
      "license": "MIT",
      "dependencies": {
        "ansi-regex": "^5.0.1"
      },
      "engines": {
        "node": ">=8"
      }
    },
    "node_modules/strip-ansi-cjs/node_modules/ansi-regex": {
      "version": "5.0.1",
      "resolved": "https://registry.npmjs.org/ansi-regex/-/ansi-regex-5.0.1.tgz",
      "integrity": "sha512-quJQXlTSUGL2LH9SUXo8VwsY4soanhgo6LNSm84E1LBcE8s3O0wpdiRzyR9z/ZZJMlMWv37qOOb9pdJlMUEKFQ==",
      "dev": true,
      "license": "MIT",
      "engines": {
        "node": ">=8"
      }
    },
    "node_modules/supports-preserve-symlinks-flag": {
      "version": "1.0.0",
      "resolved": "https://registry.npmjs.org/supports-preserve-symlinks-flag/-/supports-preserve-symlinks-flag-1.0.0.tgz",
      "integrity": "sha512-ot0WnXS9fgdkgIcePe6RHNk1WA8+muPa6cSjeR3V8K27q9BB1rTE3R1p7Hv0z1ZyAc8s6Vvv8DIyWf681MAt0w==",
      "dev": true,
      "license": "MIT",
      "engines": {
        "node": ">= 0.4"
      },
      "funding": {
        "url": "https://github.com/sponsors/ljharb"
      }
    },
    "node_modules/tslib": {
      "version": "2.8.0",
      "resolved": "https://registry.npmjs.org/tslib/-/tslib-2.8.0.tgz",
      "integrity": "sha512-jWVzBLplnCmoaTr13V9dYbiQ99wvZRd0vNWaDRg+aVYRcjDF3nDksxFDE/+fkXnKhpnUUkmx5pK/v8mCtLVqZA==",
      "dev": true,
      "license": "0BSD"
    },
    "node_modules/typescript": {
      "version": "5.6.3",
      "resolved": "https://registry.npmjs.org/typescript/-/typescript-5.6.3.tgz",
      "integrity": "sha512-hjcS1mhfuyi4WW8IWtjP7brDrG2cuDZukyrYrSauoXGNgx0S7zceP07adYkJycEr56BOUTNPzbInooiN3fn1qw==",
      "dev": true,
      "license": "Apache-2.0",
      "peer": true,
      "bin": {
        "tsc": "bin/tsc",
        "tsserver": "bin/tsserver"
      },
      "engines": {
        "node": ">=14.17"
      }
    },
    "node_modules/which": {
      "version": "2.0.2",
      "resolved": "https://registry.npmjs.org/which/-/which-2.0.2.tgz",
      "integrity": "sha512-BLI3Tl1TW3Pvl70l3yq3Y64i+awpwXqsGBYWkkqMtnbXgrMD+yj7rhW0kuEDxzJaYXGjEW5ogapKNMEKNMjibA==",
      "dev": true,
      "license": "ISC",
      "dependencies": {
        "isexe": "^2.0.0"
      },
      "bin": {
        "node-which": "bin/node-which"
      },
      "engines": {
        "node": ">= 8"
      }
    },
    "node_modules/wrap-ansi": {
      "version": "8.1.0",
      "resolved": "https://registry.npmjs.org/wrap-ansi/-/wrap-ansi-8.1.0.tgz",
      "integrity": "sha512-si7QWI6zUMq56bESFvagtmzMdGOtoxfR+Sez11Mobfc7tm+VkUckk9bW2UeffTGVUbOksxmSw0AA2gs8g71NCQ==",
      "dev": true,
      "license": "MIT",
      "dependencies": {
        "ansi-styles": "^6.1.0",
        "string-width": "^5.0.1",
        "strip-ansi": "^7.0.1"
      },
      "engines": {
        "node": ">=12"
      },
      "funding": {
        "url": "https://github.com/chalk/wrap-ansi?sponsor=1"
      }
    },
    "node_modules/wrap-ansi-cjs": {
      "name": "wrap-ansi",
      "version": "7.0.0",
      "resolved": "https://registry.npmjs.org/wrap-ansi/-/wrap-ansi-7.0.0.tgz",
      "integrity": "sha512-YVGIj2kamLSTxw6NsZjoBxfSwsn0ycdesmc4p+Q21c5zPuZ1pl+NfxVdxPtdHvmNVOQ6XSYG4AUtyt/Fi7D16Q==",
      "dev": true,
      "license": "MIT",
      "dependencies": {
        "ansi-styles": "^4.0.0",
        "string-width": "^4.1.0",
        "strip-ansi": "^6.0.0"
      },
      "engines": {
        "node": ">=10"
      },
      "funding": {
        "url": "https://github.com/chalk/wrap-ansi?sponsor=1"
      }
    },
    "node_modules/wrap-ansi-cjs/node_modules/ansi-regex": {
      "version": "5.0.1",
      "resolved": "https://registry.npmjs.org/ansi-regex/-/ansi-regex-5.0.1.tgz",
      "integrity": "sha512-quJQXlTSUGL2LH9SUXo8VwsY4soanhgo6LNSm84E1LBcE8s3O0wpdiRzyR9z/ZZJMlMWv37qOOb9pdJlMUEKFQ==",
      "dev": true,
      "license": "MIT",
      "engines": {
        "node": ">=8"
      }
    },
    "node_modules/wrap-ansi-cjs/node_modules/ansi-styles": {
      "version": "4.3.0",
      "resolved": "https://registry.npmjs.org/ansi-styles/-/ansi-styles-4.3.0.tgz",
      "integrity": "sha512-zbB9rCJAT1rbjiVDb2hqKFHNYLxgtk8NURxZ3IZwD3F6NtxbXZQCnnSi1Lkx+IDohdPlFp222wVALIheZJQSEg==",
      "dev": true,
      "license": "MIT",
      "dependencies": {
        "color-convert": "^2.0.1"
      },
      "engines": {
        "node": ">=8"
      },
      "funding": {
        "url": "https://github.com/chalk/ansi-styles?sponsor=1"
      }
    },
    "node_modules/wrap-ansi-cjs/node_modules/emoji-regex": {
      "version": "8.0.0",
      "resolved": "https://registry.npmjs.org/emoji-regex/-/emoji-regex-8.0.0.tgz",
      "integrity": "sha512-MSjYzcWNOA0ewAHpz0MxpYFvwg6yjy1NG3xteoqz644VCo/RPgnr1/GGt+ic3iJTzQ8Eu3TdM14SawnVUmGE6A==",
      "dev": true,
      "license": "MIT"
    },
    "node_modules/wrap-ansi-cjs/node_modules/string-width": {
      "version": "4.2.3",
      "resolved": "https://registry.npmjs.org/string-width/-/string-width-4.2.3.tgz",
      "integrity": "sha512-wKyQRQpjJ0sIp62ErSZdGsjMJWsap5oRNihHhu6G7JVO/9jIB6UyevL+tXuOqrng8j/cxKTWyWUwvSTriiZz/g==",
      "dev": true,
      "license": "MIT",
      "dependencies": {
        "emoji-regex": "^8.0.0",
        "is-fullwidth-code-point": "^3.0.0",
        "strip-ansi": "^6.0.1"
      },
      "engines": {
        "node": ">=8"
      }
    },
    "node_modules/wrap-ansi-cjs/node_modules/strip-ansi": {
      "version": "6.0.1",
      "resolved": "https://registry.npmjs.org/strip-ansi/-/strip-ansi-6.0.1.tgz",
      "integrity": "sha512-Y38VPSHcqkFrCpFnQ9vuSXmquuv5oXOKpGeT6aGrr3o3Gc9AlVa6JBfUSOCnbxGGZF+/0ooI7KrPuUSztUdU5A==",
      "dev": true,
      "license": "MIT",
      "dependencies": {
        "ansi-regex": "^5.0.1"
      },
      "engines": {
        "node": ">=8"
      }
    },
    "packages/aria": {
      "name": "@blackcube/aurelia2-aria",
      "version": "2.2.2",
      "license": "BSD-3-Clause",
      "dependencies": {
        "aurelia": "latest"
      },
      "devDependencies": {
        "@rollup/plugin-typescript": "^11.1.6",
        "rimraf": "^5.0.7",
        "rollup": "^4.24.0",
        "tslib": "^2.6.3"
      }
    },
    "packages/powshield": {
      "name": "@blackcube/aurelia2-powshield",
      "version": "2.2.2",
      "license": "BSD-3-Clause",
      "dependencies": {
        "@aurelia/fetch-client": "latest",
        "aurelia": "latest"
      },
      "devDependencies": {
        "@rollup/plugin-typescript": "^11.1.6",
        "rimraf": "^5.0.7",
        "rollup": "^4.24.0",
        "tslib": "^2.6.3"
      }
    },
    "packages/powshieldjs": {
      "name": "@blackcube/vanilla-powshield",
      "version": "2.2.2",
      "license": "BSD-3-Clause",
      "devDependencies": {
        "@rollup/plugin-typescript": "^11.1.6",
        "rimraf": "^5.0.7",
        "rollup": "^4.24.0",
        "tslib": "^2.6.3"
      }
    },
    "packages/recaptcha": {
      "name": "@blackcube/aurelia2-recaptcha",
      "version": "2.2.2",
      "license": "BSD-3-Clause",
      "dependencies": {
        "aurelia": "latest"
      },
      "devDependencies": {
        "@rollup/plugin-typescript": "^11.1.6",
        "rimraf": "^5.0.7",
        "rollup": "^4.24.0",
        "tslib": "^2.6.3"
      }
    },
    "packages/rgaa": {
      "name": "@blackcube/aurelia2-rgaa",
      "version": "2.2.2",
      "license": "BSD-3-Clause",
      "dependencies": {
        "aurelia": "latest"
      },
      "devDependencies": {
        "@rollup/plugin-typescript": "^11.1.6",
        "rimraf": "^5.0.7",
        "rollup": "^4.24.0",
        "tslib": "^2.6.3"
      }
    },
    "packages/svg": {
      "name": "@blackcube/aurelia2-svgsprites",
      "version": "2.2.2",
      "license": "BSD-3-Clause",
      "dependencies": {
        "aurelia": "latest"
      },
      "devDependencies": {
        "@rollup/plugin-typescript": "^11.1.6",
        "rimraf": "^5.0.7",
        "rollup": "^4.24.0",
        "tslib": "^2.6.3"
      }
    },
    "packages/tailwind": {
      "name": "@blackcube/aurelia2-tailwind",
      "version": "2.2.2",
      "license": "BSD-3-Clause",
      "dependencies": {
        "@blackcube/aurelia2-aria": "latest",
        "@blackcube/aurelia2-transition": "latest",
        "aurelia": "latest"
      },
      "devDependencies": {
        "@rollup/plugin-typescript": "^11.1.6",
        "rimraf": "^5.0.7",
        "rollup": "^4.24.0",
        "tslib": "^2.6.3"
      }
    },
    "packages/tailwind/node_modules/@blackcube/aurelia2-aria": {
      "version": "2.2.1",
      "resolved": "https://registry.npmjs.org/@blackcube/aurelia2-aria/-/aurelia2-aria-2.2.1.tgz",
      "integrity": "sha512-7e+zduW9a31vmg9Vpxha+wrn1ADFrfBA3oLNTMtjqvwIk53RuVBNZWM3bCTY2mKMMAbeXag51DpQ8Hg2+hj65A==",
      "license": "BSD-3-Clause",
      "dependencies": {
        "aurelia": "latest"
      }
    },
    "packages/tailwind/node_modules/@blackcube/aurelia2-transition": {
      "version": "2.2.1",
      "resolved": "https://registry.npmjs.org/@blackcube/aurelia2-transition/-/aurelia2-transition-2.2.1.tgz",
      "integrity": "sha512-LR/kaYbBrB2hVB2D4HEL4jb+6gwzwp9ALo/q+tj3SLimBaib3ZQOzDhi5NH+bTCBkLq2hrnYYEdGgDbaOJCBDg==",
      "license": "BSD-3-Clause",
      "dependencies": {
        "aurelia": "latest"
      }
    },
    "packages/taskrunner": {
      "name": "@blackcube/aurelia2-taskrunner",
      "version": "2.1.1",
      "license": "BSD-3-Clause",
      "dependencies": {
        "@aurelia/fetch-client": "latest",
        "aurelia": "latest"
      },
      "devDependencies": {
        "@rollup/plugin-typescript": "^11.1.6",
        "rimraf": "^5.0.7",
        "rollup": "^4.18.1",
        "tslib": "^2.6.3"
      }
    },
    "packages/transition": {
      "name": "@blackcube/aurelia2-transition",
      "version": "2.2.2",
      "license": "BSD-3-Clause",
      "dependencies": {
        "aurelia": "latest"
      },
      "devDependencies": {
        "@rollup/plugin-typescript": "^11.1.6",
        "rimraf": "^5.0.7",
        "rollup": "^4.24.0",
        "tslib": "^2.6.3"
      }
    },
    "packages/webauthn": {
      "name": "@blackcube/aurelia2-webauthn",
      "version": "2.2.2",
      "license": "BSD-3-Clause",
      "dependencies": {
        "@aurelia/fetch-client": "latest",
        "@aurelia/router": "latest",
        "aurelia": "latest"
      },
      "devDependencies": {
        "@rollup/plugin-typescript": "^11.1.6",
        "rimraf": "^5.0.7",
        "rollup": "^4.24.0",
        "tslib": "^2.6.3"
      }
    }
  }
}
